// !$*UTF8*$!
{
	archiveVersion = 1;
	classes = {
	};
	objectVersion = 51;
	objects = {

/* Begin PBXBuildFile section */
		75AE69C82592C948009D0A25 /* CustomPopUp.swift in Sources */ = {isa = PBXBuildFile; fileRef = 75AE69C72592C948009D0A25 /* CustomPopUp.swift */; };
		75AE69CB2592C963009D0A25 /* CustomPopUp.xib in Resources */ = {isa = PBXBuildFile; fileRef = 75AE69CA2592C963009D0A25 /* CustomPopUp.xib */; };
		88554668EE52383ACEB61F56 /* Pods_Knovigo.framework in Frameworks */ = {isa = PBXBuildFile; fileRef = B7DE5AEA8BAF17EC8145DD41 /* Pods_Knovigo.framework */; };
		8F0EA7C825DC87C30006DE7E /* ReportDataModel.swift in Sources */ = {isa = PBXBuildFile; fileRef = 8F0EA7C725DC87C30006DE7E /* ReportDataModel.swift */; };
		8F23B74C259598BA00FCD942 /* LocationInfoModel.swift in Sources */ = {isa = PBXBuildFile; fileRef = 8F23B74B259598BA00FCD942 /* LocationInfoModel.swift */; };
		8F23B74F25959AD400FCD942 /* constants.swift in Sources */ = {isa = PBXBuildFile; fileRef = 8F23B74E25959AD400FCD942 /* constants.swift */; };
		8F63713C25941F350032CA88 /* SearchViewController.swift in Sources */ = {isa = PBXBuildFile; fileRef = 8F63713B25941F350032CA88 /* SearchViewController.swift */; };
		8F6371422594F5900032CA88 /* LocationTableViewCell.swift in Sources */ = {isa = PBXBuildFile; fileRef = 8F6371402594F5900032CA88 /* LocationTableViewCell.swift */; };
		8F6371432594F5900032CA88 /* LocationTableViewCell.xib in Resources */ = {isa = PBXBuildFile; fileRef = 8F6371412594F5900032CA88 /* LocationTableViewCell.xib */; };
		8F6F37122590DC0900B6BF72 /* AppDelegate.swift in Sources */ = {isa = PBXBuildFile; fileRef = 8F6F37112590DC0900B6BF72 /* AppDelegate.swift */; };
		8F6F37142590DC0900B6BF72 /* SceneDelegate.swift in Sources */ = {isa = PBXBuildFile; fileRef = 8F6F37132590DC0900B6BF72 /* SceneDelegate.swift */; };
		8F6F37162590DC0900B6BF72 /* HomeViewController.swift in Sources */ = {isa = PBXBuildFile; fileRef = 8F6F37152590DC0900B6BF72 /* HomeViewController.swift */; };
		8F6F37192590DC0900B6BF72 /* Main.storyboard in Resources */ = {isa = PBXBuildFile; fileRef = 8F6F37172590DC0900B6BF72 /* Main.storyboard */; };
		8F6F371B2590DC0A00B6BF72 /* Assets.xcassets in Resources */ = {isa = PBXBuildFile; fileRef = 8F6F371A2590DC0A00B6BF72 /* Assets.xcassets */; };
		8F6F371E2590DC0A00B6BF72 /* LaunchScreen.storyboard in Resources */ = {isa = PBXBuildFile; fileRef = 8F6F371C2590DC0A00B6BF72 /* LaunchScreen.storyboard */; };
		8F6F37402590E08E00B6BF72 /* util.swift in Sources */ = {isa = PBXBuildFile; fileRef = 8F6F373F2590E08E00B6BF72 /* util.swift */; };
		8F6F37432590E16A00B6BF72 /* ReportViewController.swift in Sources */ = {isa = PBXBuildFile; fileRef = 8F6F37422590E16A00B6BF72 /* ReportViewController.swift */; };
		8F6F37462590E18D00B6BF72 /* LocationViewController.swift in Sources */ = {isa = PBXBuildFile; fileRef = 8F6F37452590E18D00B6BF72 /* LocationViewController.swift */; };
		F57F300B25F0101000F27B01 /* Lato-Italic.ttf in Resources */ = {isa = PBXBuildFile; fileRef = F57F2FEC25F0101000F27B01 /* Lato-Italic.ttf */; };
		F57F300C25F0101000F27B01 /* Lato-LightItalic.ttf in Resources */ = {isa = PBXBuildFile; fileRef = F57F2FED25F0101000F27B01 /* Lato-LightItalic.ttf */; };
		F57F300D25F0101000F27B01 /* Lato-Thin.ttf in Resources */ = {isa = PBXBuildFile; fileRef = F57F2FEE25F0101000F27B01 /* Lato-Thin.ttf */; };
		F57F300E25F0101000F27B01 /* Lato-Bold.ttf in Resources */ = {isa = PBXBuildFile; fileRef = F57F2FEF25F0101000F27B01 /* Lato-Bold.ttf */; };
		F57F300F25F0101000F27B01 /* Lato-Black.ttf in Resources */ = {isa = PBXBuildFile; fileRef = F57F2FF025F0101000F27B01 /* Lato-Black.ttf */; };
		F57F301025F0101000F27B01 /* Lato-Regular.ttf in Resources */ = {isa = PBXBuildFile; fileRef = F57F2FF125F0101000F27B01 /* Lato-Regular.ttf */; };
		F57F301125F0101000F27B01 /* Lato-BlackItalic.ttf in Resources */ = {isa = PBXBuildFile; fileRef = F57F2FF225F0101000F27B01 /* Lato-BlackItalic.ttf */; };
		F57F301325F0101000F27B01 /* Lato-BoldItalic.ttf in Resources */ = {isa = PBXBuildFile; fileRef = F57F2FF425F0101000F27B01 /* Lato-BoldItalic.ttf */; };
		F57F301425F0101000F27B01 /* Lato-Light.ttf in Resources */ = {isa = PBXBuildFile; fileRef = F57F2FF525F0101000F27B01 /* Lato-Light.ttf */; };
		F57F301525F0101000F27B01 /* Lato-ThinItalic.ttf in Resources */ = {isa = PBXBuildFile; fileRef = F57F2FF625F0101000F27B01 /* Lato-ThinItalic.ttf */; };
		F57F301625F0101000F27B01 /* Poppins-ExtraLight.ttf in Resources */ = {isa = PBXBuildFile; fileRef = F57F2FF825F0101000F27B01 /* Poppins-ExtraLight.ttf */; };
		F57F301725F0101000F27B01 /* Poppins-ThinItalic.ttf in Resources */ = {isa = PBXBuildFile; fileRef = F57F2FF925F0101000F27B01 /* Poppins-ThinItalic.ttf */; };
		F57F301825F0101000F27B01 /* Poppins-ExtraLightItalic.ttf in Resources */ = {isa = PBXBuildFile; fileRef = F57F2FFA25F0101000F27B01 /* Poppins-ExtraLightItalic.ttf */; };
		F57F301925F0101000F27B01 /* Poppins-BoldItalic.ttf in Resources */ = {isa = PBXBuildFile; fileRef = F57F2FFB25F0101000F27B01 /* Poppins-BoldItalic.ttf */; };
		F57F301A25F0101000F27B01 /* Poppins-Light.ttf in Resources */ = {isa = PBXBuildFile; fileRef = F57F2FFC25F0101000F27B01 /* Poppins-Light.ttf */; };
		F57F301B25F0101000F27B01 /* Poppins-Medium.ttf in Resources */ = {isa = PBXBuildFile; fileRef = F57F2FFD25F0101000F27B01 /* Poppins-Medium.ttf */; };
		F57F301C25F0101000F27B01 /* Poppins-SemiBoldItalic.ttf in Resources */ = {isa = PBXBuildFile; fileRef = F57F2FFE25F0101000F27B01 /* Poppins-SemiBoldItalic.ttf */; };
		F57F301D25F0101000F27B01 /* Poppins-ExtraBoldItalic.ttf in Resources */ = {isa = PBXBuildFile; fileRef = F57F2FFF25F0101000F27B01 /* Poppins-ExtraBoldItalic.ttf */; };
		F57F301E25F0101000F27B01 /* Poppins-ExtraBold.ttf in Resources */ = {isa = PBXBuildFile; fileRef = F57F300025F0101000F27B01 /* Poppins-ExtraBold.ttf */; };
		F57F301F25F0101000F27B01 /* Poppins-BlackItalic.ttf in Resources */ = {isa = PBXBuildFile; fileRef = F57F300125F0101000F27B01 /* Poppins-BlackItalic.ttf */; };
		F57F302025F0101000F27B01 /* OFL.txt in Resources */ = {isa = PBXBuildFile; fileRef = F57F300225F0101000F27B01 /* OFL.txt */; };
		F57F302125F0101000F27B01 /* Poppins-Regular.ttf in Resources */ = {isa = PBXBuildFile; fileRef = F57F300325F0101000F27B01 /* Poppins-Regular.ttf */; };
		F57F302225F0101000F27B01 /* Poppins-LightItalic.ttf in Resources */ = {isa = PBXBuildFile; fileRef = F57F300425F0101000F27B01 /* Poppins-LightItalic.ttf */; };
		F57F302325F0101000F27B01 /* Poppins-Bold.ttf in Resources */ = {isa = PBXBuildFile; fileRef = F57F300525F0101000F27B01 /* Poppins-Bold.ttf */; };
		F57F302425F0101000F27B01 /* Poppins-Black.ttf in Resources */ = {isa = PBXBuildFile; fileRef = F57F300625F0101000F27B01 /* Poppins-Black.ttf */; };
		F57F302525F0101000F27B01 /* Poppins-Thin.ttf in Resources */ = {isa = PBXBuildFile; fileRef = F57F300725F0101000F27B01 /* Poppins-Thin.ttf */; };
		F57F302625F0101000F27B01 /* Poppins-SemiBold.ttf in Resources */ = {isa = PBXBuildFile; fileRef = F57F300825F0101000F27B01 /* Poppins-SemiBold.ttf */; };
		F57F302725F0101000F27B01 /* Poppins-Italic.ttf in Resources */ = {isa = PBXBuildFile; fileRef = F57F300925F0101000F27B01 /* Poppins-Italic.ttf */; };
		F57F302825F0101000F27B01 /* Poppins-MediumItalic.ttf in Resources */ = {isa = PBXBuildFile; fileRef = F57F300A25F0101000F27B01 /* Poppins-MediumItalic.ttf */; };
		F2E9B49725DC5B4300B192E0 /* DropDownCell.swift in Sources */ = {isa = PBXBuildFile; fileRef = F2E9B49525DC5B4300B192E0 /* DropDownCell.swift */; };
		F2E9B49825DC5B4400B192E0 /* DropDownCell.xib in Resources */ = {isa = PBXBuildFile; fileRef = F2E9B49625DC5B4300B192E0 /* DropDownCell.xib */; };
/* End PBXBuildFile section */

/* Begin PBXFileReference section */
		4342D6774D639C5B20C8F23F /* Pods-Knovigo.release.xcconfig */ = {isa = PBXFileReference; includeInIndex = 1; lastKnownFileType = text.xcconfig; name = "Pods-Knovigo.release.xcconfig"; path = "Target Support Files/Pods-Knovigo/Pods-Knovigo.release.xcconfig"; sourceTree = "<group>"; };
		75AE69C72592C948009D0A25 /* CustomPopUp.swift */ = {isa = PBXFileReference; lastKnownFileType = sourcecode.swift; path = CustomPopUp.swift; sourceTree = "<group>"; };
		75AE69CA2592C963009D0A25 /* CustomPopUp.xib */ = {isa = PBXFileReference; lastKnownFileType = file.xib; path = CustomPopUp.xib; sourceTree = "<group>"; };
		8F0EA7C725DC87C30006DE7E /* ReportDataModel.swift */ = {isa = PBXFileReference; lastKnownFileType = sourcecode.swift; path = ReportDataModel.swift; sourceTree = "<group>"; };
		8F23B74B259598BA00FCD942 /* LocationInfoModel.swift */ = {isa = PBXFileReference; lastKnownFileType = sourcecode.swift; path = LocationInfoModel.swift; sourceTree = "<group>"; };
		8F23B74E25959AD400FCD942 /* constants.swift */ = {isa = PBXFileReference; lastKnownFileType = sourcecode.swift; path = constants.swift; sourceTree = "<group>"; };
		8F63713B25941F350032CA88 /* SearchViewController.swift */ = {isa = PBXFileReference; lastKnownFileType = sourcecode.swift; path = SearchViewController.swift; sourceTree = "<group>"; };
		8F6371402594F5900032CA88 /* LocationTableViewCell.swift */ = {isa = PBXFileReference; lastKnownFileType = sourcecode.swift; path = LocationTableViewCell.swift; sourceTree = "<group>"; };
		8F6371412594F5900032CA88 /* LocationTableViewCell.xib */ = {isa = PBXFileReference; lastKnownFileType = file.xib; path = LocationTableViewCell.xib; sourceTree = "<group>"; };
		8F6F370E2590DC0900B6BF72 /* Knovigo.app */ = {isa = PBXFileReference; explicitFileType = wrapper.application; includeInIndex = 0; path = Knovigo.app; sourceTree = BUILT_PRODUCTS_DIR; };
		8F6F37112590DC0900B6BF72 /* AppDelegate.swift */ = {isa = PBXFileReference; lastKnownFileType = sourcecode.swift; path = AppDelegate.swift; sourceTree = "<group>"; };
		8F6F37132590DC0900B6BF72 /* SceneDelegate.swift */ = {isa = PBXFileReference; lastKnownFileType = sourcecode.swift; path = SceneDelegate.swift; sourceTree = "<group>"; };
		8F6F37152590DC0900B6BF72 /* HomeViewController.swift */ = {isa = PBXFileReference; lastKnownFileType = sourcecode.swift; path = HomeViewController.swift; sourceTree = "<group>"; };
		8F6F37182590DC0900B6BF72 /* Base */ = {isa = PBXFileReference; lastKnownFileType = file.storyboard; name = Base; path = Base.lproj/Main.storyboard; sourceTree = "<group>"; };
		8F6F371A2590DC0A00B6BF72 /* Assets.xcassets */ = {isa = PBXFileReference; lastKnownFileType = folder.assetcatalog; path = Assets.xcassets; sourceTree = "<group>"; };
		8F6F371D2590DC0A00B6BF72 /* Base */ = {isa = PBXFileReference; lastKnownFileType = file.storyboard; name = Base; path = Base.lproj/LaunchScreen.storyboard; sourceTree = "<group>"; };
		8F6F371F2590DC0A00B6BF72 /* Info.plist */ = {isa = PBXFileReference; lastKnownFileType = text.plist.xml; path = Info.plist; sourceTree = "<group>"; };
		8F6F373F2590E08E00B6BF72 /* util.swift */ = {isa = PBXFileReference; lastKnownFileType = sourcecode.swift; path = util.swift; sourceTree = "<group>"; };
		8F6F37422590E16A00B6BF72 /* ReportViewController.swift */ = {isa = PBXFileReference; lastKnownFileType = sourcecode.swift; path = ReportViewController.swift; sourceTree = "<group>"; };
		8F6F37452590E18D00B6BF72 /* LocationViewController.swift */ = {isa = PBXFileReference; lastKnownFileType = sourcecode.swift; path = LocationViewController.swift; sourceTree = "<group>"; };
		B7DE5AEA8BAF17EC8145DD41 /* Pods_Knovigo.framework */ = {isa = PBXFileReference; explicitFileType = wrapper.framework; includeInIndex = 0; path = Pods_Knovigo.framework; sourceTree = BUILT_PRODUCTS_DIR; };
		D7B650AF635D53E0D95B8468 /* Pods-Knovigo.debug.xcconfig */ = {isa = PBXFileReference; includeInIndex = 1; lastKnownFileType = text.xcconfig; name = "Pods-Knovigo.debug.xcconfig"; path = "Target Support Files/Pods-Knovigo/Pods-Knovigo.debug.xcconfig"; sourceTree = "<group>"; };
		F57F2FEC25F0101000F27B01 /* Lato-Italic.ttf */ = {isa = PBXFileReference; lastKnownFileType = file; path = "Lato-Italic.ttf"; sourceTree = "<group>"; };
		F57F2FED25F0101000F27B01 /* Lato-LightItalic.ttf */ = {isa = PBXFileReference; lastKnownFileType = file; path = "Lato-LightItalic.ttf"; sourceTree = "<group>"; };
		F57F2FEE25F0101000F27B01 /* Lato-Thin.ttf */ = {isa = PBXFileReference; lastKnownFileType = file; path = "Lato-Thin.ttf"; sourceTree = "<group>"; };
		F57F2FEF25F0101000F27B01 /* Lato-Bold.ttf */ = {isa = PBXFileReference; lastKnownFileType = file; path = "Lato-Bold.ttf"; sourceTree = "<group>"; };
		F57F2FF025F0101000F27B01 /* Lato-Black.ttf */ = {isa = PBXFileReference; lastKnownFileType = file; path = "Lato-Black.ttf"; sourceTree = "<group>"; };
		F57F2FF125F0101000F27B01 /* Lato-Regular.ttf */ = {isa = PBXFileReference; lastKnownFileType = file; path = "Lato-Regular.ttf"; sourceTree = "<group>"; };
		F57F2FF225F0101000F27B01 /* Lato-BlackItalic.ttf */ = {isa = PBXFileReference; lastKnownFileType = file; path = "Lato-BlackItalic.ttf"; sourceTree = "<group>"; };
		F57F2FF325F0101000F27B01 /* OFL.txt */ = {isa = PBXFileReference; fileEncoding = 4; lastKnownFileType = text; path = OFL.txt; sourceTree = "<group>"; };
		F57F2FF425F0101000F27B01 /* Lato-BoldItalic.ttf */ = {isa = PBXFileReference; lastKnownFileType = file; path = "Lato-BoldItalic.ttf"; sourceTree = "<group>"; };
		F57F2FF525F0101000F27B01 /* Lato-Light.ttf */ = {isa = PBXFileReference; lastKnownFileType = file; path = "Lato-Light.ttf"; sourceTree = "<group>"; };
		F57F2FF625F0101000F27B01 /* Lato-ThinItalic.ttf */ = {isa = PBXFileReference; lastKnownFileType = file; path = "Lato-ThinItalic.ttf"; sourceTree = "<group>"; };
		F57F2FF825F0101000F27B01 /* Poppins-ExtraLight.ttf */ = {isa = PBXFileReference; lastKnownFileType = file; path = "Poppins-ExtraLight.ttf"; sourceTree = "<group>"; };
		F57F2FF925F0101000F27B01 /* Poppins-ThinItalic.ttf */ = {isa = PBXFileReference; lastKnownFileType = file; path = "Poppins-ThinItalic.ttf"; sourceTree = "<group>"; };
		F57F2FFA25F0101000F27B01 /* Poppins-ExtraLightItalic.ttf */ = {isa = PBXFileReference; lastKnownFileType = file; path = "Poppins-ExtraLightItalic.ttf"; sourceTree = "<group>"; };
		F57F2FFB25F0101000F27B01 /* Poppins-BoldItalic.ttf */ = {isa = PBXFileReference; lastKnownFileType = file; path = "Poppins-BoldItalic.ttf"; sourceTree = "<group>"; };
		F57F2FFC25F0101000F27B01 /* Poppins-Light.ttf */ = {isa = PBXFileReference; lastKnownFileType = file; path = "Poppins-Light.ttf"; sourceTree = "<group>"; };
		F57F2FFD25F0101000F27B01 /* Poppins-Medium.ttf */ = {isa = PBXFileReference; lastKnownFileType = file; path = "Poppins-Medium.ttf"; sourceTree = "<group>"; };
		F57F2FFE25F0101000F27B01 /* Poppins-SemiBoldItalic.ttf */ = {isa = PBXFileReference; lastKnownFileType = file; path = "Poppins-SemiBoldItalic.ttf"; sourceTree = "<group>"; };
		F57F2FFF25F0101000F27B01 /* Poppins-ExtraBoldItalic.ttf */ = {isa = PBXFileReference; lastKnownFileType = file; path = "Poppins-ExtraBoldItalic.ttf"; sourceTree = "<group>"; };
		F57F300025F0101000F27B01 /* Poppins-ExtraBold.ttf */ = {isa = PBXFileReference; lastKnownFileType = file; path = "Poppins-ExtraBold.ttf"; sourceTree = "<group>"; };
		F57F300125F0101000F27B01 /* Poppins-BlackItalic.ttf */ = {isa = PBXFileReference; lastKnownFileType = file; path = "Poppins-BlackItalic.ttf"; sourceTree = "<group>"; };
		F57F300225F0101000F27B01 /* OFL.txt */ = {isa = PBXFileReference; fileEncoding = 4; lastKnownFileType = text; path = OFL.txt; sourceTree = "<group>"; };
		F57F300325F0101000F27B01 /* Poppins-Regular.ttf */ = {isa = PBXFileReference; lastKnownFileType = file; path = "Poppins-Regular.ttf"; sourceTree = "<group>"; };
		F57F300425F0101000F27B01 /* Poppins-LightItalic.ttf */ = {isa = PBXFileReference; lastKnownFileType = file; path = "Poppins-LightItalic.ttf"; sourceTree = "<group>"; };
		F57F300525F0101000F27B01 /* Poppins-Bold.ttf */ = {isa = PBXFileReference; lastKnownFileType = file; path = "Poppins-Bold.ttf"; sourceTree = "<group>"; };
		F57F300625F0101000F27B01 /* Poppins-Black.ttf */ = {isa = PBXFileReference; lastKnownFileType = file; path = "Poppins-Black.ttf"; sourceTree = "<group>"; };
		F57F300725F0101000F27B01 /* Poppins-Thin.ttf */ = {isa = PBXFileReference; lastKnownFileType = file; path = "Poppins-Thin.ttf"; sourceTree = "<group>"; };
		F57F300825F0101000F27B01 /* Poppins-SemiBold.ttf */ = {isa = PBXFileReference; lastKnownFileType = file; path = "Poppins-SemiBold.ttf"; sourceTree = "<group>"; };
		F57F300925F0101000F27B01 /* Poppins-Italic.ttf */ = {isa = PBXFileReference; lastKnownFileType = file; path = "Poppins-Italic.ttf"; sourceTree = "<group>"; };
		F57F300A25F0101000F27B01 /* Poppins-MediumItalic.ttf */ = {isa = PBXFileReference; lastKnownFileType = file; path = "Poppins-MediumItalic.ttf"; sourceTree = "<group>"; };
		F2E9B49525DC5B4300B192E0 /* DropDownCell.swift */ = {isa = PBXFileReference; lastKnownFileType = sourcecode.swift; path = DropDownCell.swift; sourceTree = "<group>"; };
		F2E9B49625DC5B4300B192E0 /* DropDownCell.xib */ = {isa = PBXFileReference; lastKnownFileType = file.xib; path = DropDownCell.xib; sourceTree = "<group>"; };
/* End PBXFileReference section */

/* Begin PBXFrameworksBuildPhase section */
		8F6F370B2590DC0900B6BF72 /* Frameworks */ = {
			isa = PBXFrameworksBuildPhase;
			buildActionMask = 2147483647;
			files = (
				88554668EE52383ACEB61F56 /* Pods_Knovigo.framework in Frameworks */,
			);
			runOnlyForDeploymentPostprocessing = 0;
		};
/* End PBXFrameworksBuildPhase section */

/* Begin PBXGroup section */
		8F23B74A2595983700FCD942 /* Models */ = {
			isa = PBXGroup;
			children = (
				8F23B74B259598BA00FCD942 /* LocationInfoModel.swift */,
				8F0EA7C725DC87C30006DE7E /* ReportDataModel.swift */,
			);
			path = Models;
			sourceTree = "<group>";
		};
		8F63713F2594F5710032CA88 /* Views */ = {
			isa = PBXGroup;
			children = (
				8F6371402594F5900032CA88 /* LocationTableViewCell.swift */,
				8F6371412594F5900032CA88 /* LocationTableViewCell.xib */,
				F2E9B49525DC5B4300B192E0 /* DropDownCell.swift */,
				F2E9B49625DC5B4300B192E0 /* DropDownCell.xib */,
			);
			path = Views;
			sourceTree = "<group>";
		};
		8F6F37052590DC0900B6BF72 = {
			isa = PBXGroup;
			children = (
				8F6F37102590DC0900B6BF72 /* Knovigo */,
				8F6F370F2590DC0900B6BF72 /* Products */,
				B5437C30D1E7C45ADE2B456E /* Pods */,
				E33FA2957E4A47A7E2ED5490 /* Frameworks */,
			);
			sourceTree = "<group>";
		};
		8F6F370F2590DC0900B6BF72 /* Products */ = {
			isa = PBXGroup;
			children = (
				8F6F370E2590DC0900B6BF72 /* Knovigo.app */,
			);
			name = Products;
			sourceTree = "<group>";
		};
		8F6F37102590DC0900B6BF72 /* Knovigo */ = {
			isa = PBXGroup;
			children = (
				F57F2FEA25F0101000F27B01 /* Fonts */,
				8F6F37172590DC0900B6BF72 /* Main.storyboard */,
				8F6F371C2590DC0A00B6BF72 /* LaunchScreen.storyboard */,
				8F6F37112590DC0900B6BF72 /* AppDelegate.swift */,
				8F6F37132590DC0900B6BF72 /* SceneDelegate.swift */,
				8F6F373F2590E08E00B6BF72 /* util.swift */,
				75AE69C72592C948009D0A25 /* CustomPopUp.swift */,
				75AE69CA2592C963009D0A25 /* CustomPopUp.xib */,
				8F23B74E25959AD400FCD942 /* constants.swift */,
				8F23B74A2595983700FCD942 /* Models */,
				8F63713F2594F5710032CA88 /* Views */,
				8F6F37482590E1DF00B6BF72 /* Controllers */,
				8F6F371A2590DC0A00B6BF72 /* Assets.xcassets */,
				8F6F371F2590DC0A00B6BF72 /* Info.plist */,
			);
			path = Knovigo;
			sourceTree = "<group>";
		};
		8F6F37482590E1DF00B6BF72 /* Controllers */ = {
			isa = PBXGroup;
			children = (
				8F6F37152590DC0900B6BF72 /* HomeViewController.swift */,
				8F6F37422590E16A00B6BF72 /* ReportViewController.swift */,
				8F6F37452590E18D00B6BF72 /* LocationViewController.swift */,
				8F63713B25941F350032CA88 /* SearchViewController.swift */,
			);
			path = Controllers;
			sourceTree = "<group>";
		};
		B5437C30D1E7C45ADE2B456E /* Pods */ = {
			isa = PBXGroup;
			children = (
				D7B650AF635D53E0D95B8468 /* Pods-Knovigo.debug.xcconfig */,
				4342D6774D639C5B20C8F23F /* Pods-Knovigo.release.xcconfig */,
			);
			path = Pods;
			sourceTree = "<group>";
		};
		E33FA2957E4A47A7E2ED5490 /* Frameworks */ = {
			isa = PBXGroup;
			children = (
				B7DE5AEA8BAF17EC8145DD41 /* Pods_Knovigo.framework */,
			);
			name = Frameworks;
			sourceTree = "<group>";
		};
		F57F2FEA25F0101000F27B01 /* Fonts */ = {
			isa = PBXGroup;
			children = (
				F57F2FEB25F0101000F27B01 /* Lato 2 */,
				F57F2FF725F0101000F27B01 /* Poppins */,
			);
			path = Fonts;
			sourceTree = "<group>";
		};
		F57F2FEB25F0101000F27B01 /* Lato 2 */ = {
			isa = PBXGroup;
			children = (
				F57F2FEC25F0101000F27B01 /* Lato-Italic.ttf */,
				F57F2FED25F0101000F27B01 /* Lato-LightItalic.ttf */,
				F57F2FEE25F0101000F27B01 /* Lato-Thin.ttf */,
				F57F2FEF25F0101000F27B01 /* Lato-Bold.ttf */,
				F57F2FF025F0101000F27B01 /* Lato-Black.ttf */,
				F57F2FF125F0101000F27B01 /* Lato-Regular.ttf */,
				F57F2FF225F0101000F27B01 /* Lato-BlackItalic.ttf */,
				F57F2FF325F0101000F27B01 /* OFL.txt */,
				F57F2FF425F0101000F27B01 /* Lato-BoldItalic.ttf */,
				F57F2FF525F0101000F27B01 /* Lato-Light.ttf */,
				F57F2FF625F0101000F27B01 /* Lato-ThinItalic.ttf */,
			);
			path = "Lato 2";
			sourceTree = "<group>";
		};
		F57F2FF725F0101000F27B01 /* Poppins */ = {
			isa = PBXGroup;
			children = (
				F57F2FF825F0101000F27B01 /* Poppins-ExtraLight.ttf */,
				F57F2FF925F0101000F27B01 /* Poppins-ThinItalic.ttf */,
				F57F2FFA25F0101000F27B01 /* Poppins-ExtraLightItalic.ttf */,
				F57F2FFB25F0101000F27B01 /* Poppins-BoldItalic.ttf */,
				F57F2FFC25F0101000F27B01 /* Poppins-Light.ttf */,
				F57F2FFD25F0101000F27B01 /* Poppins-Medium.ttf */,
				F57F2FFE25F0101000F27B01 /* Poppins-SemiBoldItalic.ttf */,
				F57F2FFF25F0101000F27B01 /* Poppins-ExtraBoldItalic.ttf */,
				F57F300025F0101000F27B01 /* Poppins-ExtraBold.ttf */,
				F57F300125F0101000F27B01 /* Poppins-BlackItalic.ttf */,
				F57F300225F0101000F27B01 /* OFL.txt */,
				F57F300325F0101000F27B01 /* Poppins-Regular.ttf */,
				F57F300425F0101000F27B01 /* Poppins-LightItalic.ttf */,
				F57F300525F0101000F27B01 /* Poppins-Bold.ttf */,
				F57F300625F0101000F27B01 /* Poppins-Black.ttf */,
				F57F300725F0101000F27B01 /* Poppins-Thin.ttf */,
				F57F300825F0101000F27B01 /* Poppins-SemiBold.ttf */,
				F57F300925F0101000F27B01 /* Poppins-Italic.ttf */,
				F57F300A25F0101000F27B01 /* Poppins-MediumItalic.ttf */,
			);
			path = Poppins;
			sourceTree = "<group>";
		};
/* End PBXGroup section */

/* Begin PBXNativeTarget section */
		8F6F370D2590DC0900B6BF72 /* Knovigo */ = {
			isa = PBXNativeTarget;
			buildConfigurationList = 8F6F37222590DC0A00B6BF72 /* Build configuration list for PBXNativeTarget "Knovigo" */;
			buildPhases = (
				E15836C453F589DD91161D75 /* [CP] Check Pods Manifest.lock */,
				8F6F370A2590DC0900B6BF72 /* Sources */,
				8F6F370B2590DC0900B6BF72 /* Frameworks */,
				8F6F370C2590DC0900B6BF72 /* Resources */,
				369949957D69866895C5C9F6 /* [CP] Embed Pods Frameworks */,
				F7FEC83159200A060260EE8F /* [CP] Copy Pods Resources */,
			);
			buildRules = (
			);
			dependencies = (
			);
			name = Knovigo;
			productName = Knovigo;
			productReference = 8F6F370E2590DC0900B6BF72 /* Knovigo.app */;
			productType = "com.apple.product-type.application";
		};
/* End PBXNativeTarget section */

/* Begin PBXProject section */
		8F6F37062590DC0900B6BF72 /* Project object */ = {
			isa = PBXProject;
			attributes = {
				LastSwiftUpdateCheck = 1230;
				LastUpgradeCheck = 1230;
				TargetAttributes = {
					8F6F370D2590DC0900B6BF72 = {
						CreatedOnToolsVersion = 12.3;
						LastSwiftMigration = 1210;
					};
				};
			};
			buildConfigurationList = 8F6F37092590DC0900B6BF72 /* Build configuration list for PBXProject "Knovigo" */;
			compatibilityVersion = "Xcode 9.3";
			developmentRegion = en;
			hasScannedForEncodings = 0;
			knownRegions = (
				en,
				Base,
			);
			mainGroup = 8F6F37052590DC0900B6BF72;
			productRefGroup = 8F6F370F2590DC0900B6BF72 /* Products */;
			projectDirPath = "";
			projectRoot = "";
			targets = (
				8F6F370D2590DC0900B6BF72 /* Knovigo */,
			);
		};
/* End PBXProject section */

/* Begin PBXResourcesBuildPhase section */
		8F6F370C2590DC0900B6BF72 /* Resources */ = {
			isa = PBXResourcesBuildPhase;
			buildActionMask = 2147483647;
			files = (
				F57F302425F0101000F27B01 /* Poppins-Black.ttf in Resources */,
				F57F302225F0101000F27B01 /* Poppins-LightItalic.ttf in Resources */,
				8F6F371E2590DC0A00B6BF72 /* LaunchScreen.storyboard in Resources */,
				F57F302125F0101000F27B01 /* Poppins-Regular.ttf in Resources */,
				751215C22599318100405770 /* Lato-ThinItalic.ttf in Resources */,
				751215C02599317E00405770 /* Lato-Light.ttf in Resources */,
				751215B82599317100405770 /* Lato-Thin.ttf in Resources */,
				F2E9B49825DC5B4400B192E0 /* DropDownCell.xib in Resources */,
				751215B42599316D00405770 /* Lato-Italic.ttf in Resources */,
				751215BE2599317C00405770 /* Lato-BoldItalic.ttf in Resources */,
				751215B22599316800405770 /* Lato-Bold.ttf in Resources */,
				751215BC2599317800405770 /* Lato-BlackItalic.ttf in Resources */,
				751215B62599316F00405770 /* Lato-LightItalic.ttf in Resources */,
				8F6371432594F5900032CA88 /* LocationTableViewCell.xib in Resources */,
				F57F302525F0101000F27B01 /* Poppins-Thin.ttf in Resources */,
				F57F301125F0101000F27B01 /* Lato-BlackItalic.ttf in Resources */,
				F57F300C25F0101000F27B01 /* Lato-LightItalic.ttf in Resources */,
				F57F300F25F0101000F27B01 /* Lato-Black.ttf in Resources */,
				F57F301A25F0101000F27B01 /* Poppins-Light.ttf in Resources */,
				F57F301925F0101000F27B01 /* Poppins-BoldItalic.ttf in Resources */,
				F57F301325F0101000F27B01 /* Lato-BoldItalic.ttf in Resources */,
				F57F301E25F0101000F27B01 /* Poppins-ExtraBold.ttf in Resources */,
				F57F301025F0101000F27B01 /* Lato-Regular.ttf in Resources */,
				F57F302325F0101000F27B01 /* Poppins-Bold.ttf in Resources */,
				F57F302025F0101000F27B01 /* OFL.txt in Resources */,
				8F6F371B2590DC0A00B6BF72 /* Assets.xcassets in Resources */,
				F57F301825F0101000F27B01 /* Poppins-ExtraLightItalic.ttf in Resources */,
				F57F301F25F0101000F27B01 /* Poppins-BlackItalic.ttf in Resources */,
				F57F302725F0101000F27B01 /* Poppins-Italic.ttf in Resources */,
				F57F301B25F0101000F27B01 /* Poppins-Medium.ttf in Resources */,
				F57F302825F0101000F27B01 /* Poppins-MediumItalic.ttf in Resources */,
				F57F301625F0101000F27B01 /* Poppins-ExtraLight.ttf in Resources */,
				F57F301C25F0101000F27B01 /* Poppins-SemiBoldItalic.ttf in Resources */,
				8F6F37192590DC0900B6BF72 /* Main.storyboard in Resources */,
				F57F301D25F0101000F27B01 /* Poppins-ExtraBoldItalic.ttf in Resources */,
				75AE69CB2592C963009D0A25 /* CustomPopUp.xib in Resources */,
				F57F301425F0101000F27B01 /* Lato-Light.ttf in Resources */,
				F57F301725F0101000F27B01 /* Poppins-ThinItalic.ttf in Resources */,
				F57F301525F0101000F27B01 /* Lato-ThinItalic.ttf in Resources */,
				F57F302625F0101000F27B01 /* Poppins-SemiBold.ttf in Resources */,
			);
			runOnlyForDeploymentPostprocessing = 0;
		};
/* End PBXResourcesBuildPhase section */

/* Begin PBXShellScriptBuildPhase section */
		369949957D69866895C5C9F6 /* [CP] Embed Pods Frameworks */ = {
			isa = PBXShellScriptBuildPhase;
			buildActionMask = 2147483647;
			files = (
			);
			inputFileListPaths = (
				"${PODS_ROOT}/Target Support Files/Pods-Knovigo/Pods-Knovigo-frameworks-${CONFIGURATION}-input-files.xcfilelist",
			);
			name = "[CP] Embed Pods Frameworks";
			outputFileListPaths = (
				"${PODS_ROOT}/Target Support Files/Pods-Knovigo/Pods-Knovigo-frameworks-${CONFIGURATION}-output-files.xcfilelist",
			);
			runOnlyForDeploymentPostprocessing = 0;
			shellPath = /bin/sh;
			shellScript = "\"${PODS_ROOT}/Target Support Files/Pods-Knovigo/Pods-Knovigo-frameworks.sh\"\n";
			showEnvVarsInLog = 0;
		};
		E15836C453F589DD91161D75 /* [CP] Check Pods Manifest.lock */ = {
			isa = PBXShellScriptBuildPhase;
			buildActionMask = 2147483647;
			files = (
			);
			inputFileListPaths = (
			);
			inputPaths = (
				"${PODS_PODFILE_DIR_PATH}/Podfile.lock",
				"${PODS_ROOT}/Manifest.lock",
			);
			name = "[CP] Check Pods Manifest.lock";
			outputFileListPaths = (
			);
			outputPaths = (
				"$(DERIVED_FILE_DIR)/Pods-Knovigo-checkManifestLockResult.txt",
			);
			runOnlyForDeploymentPostprocessing = 0;
			shellPath = /bin/sh;
			shellScript = "diff \"${PODS_PODFILE_DIR_PATH}/Podfile.lock\" \"${PODS_ROOT}/Manifest.lock\" > /dev/null\nif [ $? != 0 ] ; then\n    # print error to STDERR\n    echo \"error: The sandbox is not in sync with the Podfile.lock. Run 'pod install' or update your CocoaPods installation.\" >&2\n    exit 1\nfi\n# This output is used by Xcode 'outputs' to avoid re-running this script phase.\necho \"SUCCESS\" > \"${SCRIPT_OUTPUT_FILE_0}\"\n";
			showEnvVarsInLog = 0;
		};
		F7FEC83159200A060260EE8F /* [CP] Copy Pods Resources */ = {
			isa = PBXShellScriptBuildPhase;
			buildActionMask = 2147483647;
			files = (
			);
			inputFileListPaths = (
				"${PODS_ROOT}/Target Support Files/Pods-Knovigo/Pods-Knovigo-resources-${CONFIGURATION}-input-files.xcfilelist",
			);
			name = "[CP] Copy Pods Resources";
			outputFileListPaths = (
				"${PODS_ROOT}/Target Support Files/Pods-Knovigo/Pods-Knovigo-resources-${CONFIGURATION}-output-files.xcfilelist",
			);
			runOnlyForDeploymentPostprocessing = 0;
			shellPath = /bin/sh;
			shellScript = "\"${PODS_ROOT}/Target Support Files/Pods-Knovigo/Pods-Knovigo-resources.sh\"\n";
			showEnvVarsInLog = 0;
		};
/* End PBXShellScriptBuildPhase section */

/* Begin PBXSourcesBuildPhase section */
		8F6F370A2590DC0900B6BF72 /* Sources */ = {
			isa = PBXSourcesBuildPhase;
			buildActionMask = 2147483647;
			files = (
				8F0EA7C825DC87C30006DE7E /* ReportDataModel.swift in Sources */,
				75AE69C82592C948009D0A25 /* CustomPopUp.swift in Sources */,
				8F6F37162590DC0900B6BF72 /* HomeViewController.swift in Sources */,
				8F6F37162590DC0900B6BF72 /* HomeViewController.swift in Sources */,
				8F6371422594F5900032CA88 /* LocationTableViewCell.swift in Sources */,
				8F6F37122590DC0900B6BF72 /* AppDelegate.swift in Sources */,
				8F23B74F25959AD400FCD942 /* constants.swift in Sources */,
				8F6F37142590DC0900B6BF72 /* SceneDelegate.swift in Sources */,
				8F23B74C259598BA00FCD942 /* LocationInfoModel.swift in Sources */,
				F2E9B49725DC5B4300B192E0 /* DropDownCell.swift in Sources */,
				8F6F37462590E18D00B6BF72 /* LocationViewController.swift in Sources */,
				8F63713C25941F350032CA88 /* SearchViewController.swift in Sources */,
				8F6F37432590E16A00B6BF72 /* ReportViewController.swift in Sources */,
				8F6F37402590E08E00B6BF72 /* util.swift in Sources */,
			);
			runOnlyForDeploymentPostprocessing = 0;
		};
/* End PBXSourcesBuildPhase section */

/* Begin PBXVariantGroup section */
		8F6F37172590DC0900B6BF72 /* Main.storyboard */ = {
			isa = PBXVariantGroup;
			children = (
				8F6F37182590DC0900B6BF72 /* Base */,
			);
			name = Main.storyboard;
			sourceTree = "<group>";
		};
		8F6F371C2590DC0A00B6BF72 /* LaunchScreen.storyboard */ = {
			isa = PBXVariantGroup;
			children = (
				8F6F371D2590DC0A00B6BF72 /* Base */,
			);
			name = LaunchScreen.storyboard;
			sourceTree = "<group>";
		};
/* End PBXVariantGroup section */

/* Begin XCBuildConfiguration section */
		8F6F37202590DC0A00B6BF72 /* Debug */ = {
			isa = XCBuildConfiguration;
			buildSettings = {
				ALWAYS_SEARCH_USER_PATHS = NO;
				CLANG_ANALYZER_NONNULL = YES;
				CLANG_ANALYZER_NUMBER_OBJECT_CONVERSION = YES_AGGRESSIVE;
				CLANG_CXX_LANGUAGE_STANDARD = "gnu++14";
				CLANG_CXX_LIBRARY = "libc++";
				CLANG_ENABLE_MODULES = YES;
				CLANG_ENABLE_OBJC_ARC = YES;
				CLANG_ENABLE_OBJC_WEAK = YES;
				CLANG_WARN_BLOCK_CAPTURE_AUTORELEASING = YES;
				CLANG_WARN_BOOL_CONVERSION = YES;
				CLANG_WARN_COMMA = YES;
				CLANG_WARN_CONSTANT_CONVERSION = YES;
				CLANG_WARN_DEPRECATED_OBJC_IMPLEMENTATIONS = YES;
				CLANG_WARN_DIRECT_OBJC_ISA_USAGE = YES_ERROR;
				CLANG_WARN_DOCUMENTATION_COMMENTS = YES;
				CLANG_WARN_EMPTY_BODY = YES;
				CLANG_WARN_ENUM_CONVERSION = YES;
				CLANG_WARN_INFINITE_RECURSION = YES;
				CLANG_WARN_INT_CONVERSION = YES;
				CLANG_WARN_NON_LITERAL_NULL_CONVERSION = YES;
				CLANG_WARN_OBJC_IMPLICIT_RETAIN_SELF = YES;
				CLANG_WARN_OBJC_LITERAL_CONVERSION = YES;
				CLANG_WARN_OBJC_ROOT_CLASS = YES_ERROR;
				CLANG_WARN_QUOTED_INCLUDE_IN_FRAMEWORK_HEADER = YES;
				CLANG_WARN_RANGE_LOOP_ANALYSIS = YES;
				CLANG_WARN_STRICT_PROTOTYPES = YES;
				CLANG_WARN_SUSPICIOUS_MOVE = YES;
				CLANG_WARN_UNGUARDED_AVAILABILITY = YES_AGGRESSIVE;
				CLANG_WARN_UNREACHABLE_CODE = YES;
				CLANG_WARN__DUPLICATE_METHOD_MATCH = YES;
				COPY_PHASE_STRIP = NO;
				DEBUG_INFORMATION_FORMAT = dwarf;
				ENABLE_STRICT_OBJC_MSGSEND = YES;
				ENABLE_TESTABILITY = YES;
				GCC_C_LANGUAGE_STANDARD = gnu11;
				GCC_DYNAMIC_NO_PIC = NO;
				GCC_NO_COMMON_BLOCKS = YES;
				GCC_OPTIMIZATION_LEVEL = 0;
				GCC_PREPROCESSOR_DEFINITIONS = (
					"DEBUG=1",
					"$(inherited)",
				);
				GCC_WARN_64_TO_32_BIT_CONVERSION = YES;
				GCC_WARN_ABOUT_RETURN_TYPE = YES_ERROR;
				GCC_WARN_UNDECLARED_SELECTOR = YES;
				GCC_WARN_UNINITIALIZED_AUTOS = YES_AGGRESSIVE;
				GCC_WARN_UNUSED_FUNCTION = YES;
				GCC_WARN_UNUSED_VARIABLE = YES;
				IPHONEOS_DEPLOYMENT_TARGET = 14.3;
				MTL_ENABLE_DEBUG_INFO = INCLUDE_SOURCE;
				MTL_FAST_MATH = YES;
				ONLY_ACTIVE_ARCH = YES;
				SDKROOT = iphoneos;
				SWIFT_ACTIVE_COMPILATION_CONDITIONS = DEBUG;
				SWIFT_OPTIMIZATION_LEVEL = "-Onone";
			};
			name = Debug;
		};
		8F6F37212590DC0A00B6BF72 /* Release */ = {
			isa = XCBuildConfiguration;
			buildSettings = {
				ALWAYS_SEARCH_USER_PATHS = NO;
				CLANG_ANALYZER_NONNULL = YES;
				CLANG_ANALYZER_NUMBER_OBJECT_CONVERSION = YES_AGGRESSIVE;
				CLANG_CXX_LANGUAGE_STANDARD = "gnu++14";
				CLANG_CXX_LIBRARY = "libc++";
				CLANG_ENABLE_MODULES = YES;
				CLANG_ENABLE_OBJC_ARC = YES;
				CLANG_ENABLE_OBJC_WEAK = YES;
				CLANG_WARN_BLOCK_CAPTURE_AUTORELEASING = YES;
				CLANG_WARN_BOOL_CONVERSION = YES;
				CLANG_WARN_COMMA = YES;
				CLANG_WARN_CONSTANT_CONVERSION = YES;
				CLANG_WARN_DEPRECATED_OBJC_IMPLEMENTATIONS = YES;
				CLANG_WARN_DIRECT_OBJC_ISA_USAGE = YES_ERROR;
				CLANG_WARN_DOCUMENTATION_COMMENTS = YES;
				CLANG_WARN_EMPTY_BODY = YES;
				CLANG_WARN_ENUM_CONVERSION = YES;
				CLANG_WARN_INFINITE_RECURSION = YES;
				CLANG_WARN_INT_CONVERSION = YES;
				CLANG_WARN_NON_LITERAL_NULL_CONVERSION = YES;
				CLANG_WARN_OBJC_IMPLICIT_RETAIN_SELF = YES;
				CLANG_WARN_OBJC_LITERAL_CONVERSION = YES;
				CLANG_WARN_OBJC_ROOT_CLASS = YES_ERROR;
				CLANG_WARN_QUOTED_INCLUDE_IN_FRAMEWORK_HEADER = YES;
				CLANG_WARN_RANGE_LOOP_ANALYSIS = YES;
				CLANG_WARN_STRICT_PROTOTYPES = YES;
				CLANG_WARN_SUSPICIOUS_MOVE = YES;
				CLANG_WARN_UNGUARDED_AVAILABILITY = YES_AGGRESSIVE;
				CLANG_WARN_UNREACHABLE_CODE = YES;
				CLANG_WARN__DUPLICATE_METHOD_MATCH = YES;
				COPY_PHASE_STRIP = NO;
				DEBUG_INFORMATION_FORMAT = "dwarf-with-dsym";
				ENABLE_NS_ASSERTIONS = NO;
				ENABLE_STRICT_OBJC_MSGSEND = YES;
				GCC_C_LANGUAGE_STANDARD = gnu11;
				GCC_NO_COMMON_BLOCKS = YES;
				GCC_WARN_64_TO_32_BIT_CONVERSION = YES;
				GCC_WARN_ABOUT_RETURN_TYPE = YES_ERROR;
				GCC_WARN_UNDECLARED_SELECTOR = YES;
				GCC_WARN_UNINITIALIZED_AUTOS = YES_AGGRESSIVE;
				GCC_WARN_UNUSED_FUNCTION = YES;
				GCC_WARN_UNUSED_VARIABLE = YES;
				IPHONEOS_DEPLOYMENT_TARGET = 14.3;
				MTL_ENABLE_DEBUG_INFO = NO;
				MTL_FAST_MATH = YES;
				SDKROOT = iphoneos;
				SWIFT_COMPILATION_MODE = wholemodule;
				SWIFT_OPTIMIZATION_LEVEL = "-O";
				VALIDATE_PRODUCT = YES;
			};
			name = Release;
		};
		8F6F37232590DC0A00B6BF72 /* Debug */ = {
			isa = XCBuildConfiguration;
			baseConfigurationReference = D7B650AF635D53E0D95B8468 /* Pods-Knovigo.debug.xcconfig */;
			buildSettings = {
				ASSETCATALOG_COMPILER_APPICON_NAME = AppIcon;
				ASSETCATALOG_COMPILER_GLOBAL_ACCENT_COLOR_NAME = AccentColor;
				CLANG_ENABLE_MODULES = YES;
				CODE_SIGN_STYLE = Automatic;
				DEVELOPMENT_TEAM = 69YFZB2ZXG;
				INFOPLIST_FILE = Knovigo/Info.plist;
				IPHONEOS_DEPLOYMENT_TARGET = 13.5;
				LD_RUNPATH_SEARCH_PATHS = (
					"$(inherited)",
					"@executable_path/Frameworks",
				);
				PRODUCT_BUNDLE_IDENTIFIER = "kt.knovigo-ios";
				PRODUCT_NAME = "$(TARGET_NAME)";
				SWIFT_OPTIMIZATION_LEVEL = "-Onone";
				SWIFT_VERSION = 5.0;
				TARGETED_DEVICE_FAMILY = "1,2";
			};
			name = Debug;
		};
		8F6F37242590DC0A00B6BF72 /* Release */ = {
			isa = XCBuildConfiguration;
			baseConfigurationReference = 4342D6774D639C5B20C8F23F /* Pods-Knovigo.release.xcconfig */;
			buildSettings = {
				ASSETCATALOG_COMPILER_APPICON_NAME = AppIcon;
				ASSETCATALOG_COMPILER_GLOBAL_ACCENT_COLOR_NAME = AccentColor;
				CLANG_ENABLE_MODULES = YES;
				CODE_SIGN_STYLE = Automatic;
				DEVELOPMENT_TEAM = 69YFZB2ZXG;
				INFOPLIST_FILE = Knovigo/Info.plist;
				IPHONEOS_DEPLOYMENT_TARGET = 13.5;
				LD_RUNPATH_SEARCH_PATHS = (
					"$(inherited)",
					"@executable_path/Frameworks",
				);
				PRODUCT_BUNDLE_IDENTIFIER = "kt.knovigo-ios";
				PRODUCT_NAME = "$(TARGET_NAME)";
				SWIFT_VERSION = 5.0;
				TARGETED_DEVICE_FAMILY = "1,2";
			};
			name = Release;
		};
/* End XCBuildConfiguration section */

/* Begin XCConfigurationList section */
		8F6F37092590DC0900B6BF72 /* Build configuration list for PBXProject "Knovigo" */ = {
			isa = XCConfigurationList;
			buildConfigurations = (
				8F6F37202590DC0A00B6BF72 /* Debug */,
				8F6F37212590DC0A00B6BF72 /* Release */,
			);
			defaultConfigurationIsVisible = 0;
			defaultConfigurationName = Release;
		};
		8F6F37222590DC0A00B6BF72 /* Build configuration list for PBXNativeTarget "Knovigo" */ = {
			isa = XCConfigurationList;
			buildConfigurations = (
				8F6F37232590DC0A00B6BF72 /* Debug */,
				8F6F37242590DC0A00B6BF72 /* Release */,
			);
			defaultConfigurationIsVisible = 0;
			defaultConfigurationName = Release;
		};
/* End XCConfigurationList section */
	};
	rootObject = 8F6F37062590DC0900B6BF72 /* Project object */;
}
