// !$*UTF8*$!
{
	archiveVersion = 1;
	classes = {
	};
	objectVersion = 50;
	objects = {

/* Begin PBXBuildFile section */
		7534F49E2557D326005244B0 /* knovigo_iosApp.swift in Sources */ = {isa = PBXBuildFile; fileRef = 7534F49D2557D326005244B0 /* knovigo_iosApp.swift */; };
		7534F4A02557D326005244B0 /* ContentView.swift in Sources */ = {isa = PBXBuildFile; fileRef = 7534F49F2557D326005244B0 /* ContentView.swift */; };
		7534F4A22557D326005244B0 /* Assets.xcassets in Resources */ = {isa = PBXBuildFile; fileRef = 7534F4A12557D326005244B0 /* Assets.xcassets */; };
		7534F4A52557D326005244B0 /* Preview Assets.xcassets in Resources */ = {isa = PBXBuildFile; fileRef = 7534F4A42557D326005244B0 /* Preview Assets.xcassets */; };
		7534F4B02557D327005244B0 /* knovigo_iosTests.swift in Sources */ = {isa = PBXBuildFile; fileRef = 7534F4AF2557D327005244B0 /* knovigo_iosTests.swift */; };
		7534F4BB2557D327005244B0 /* knovigo_iosUITests.swift in Sources */ = {isa = PBXBuildFile; fileRef = 7534F4BA2557D327005244B0 /* knovigo_iosUITests.swift */; };
/* End PBXBuildFile section */

/* Begin PBXContainerItemProxy section */
		7534F4AC2557D327005244B0 /* PBXContainerItemProxy */ = {
			isa = PBXContainerItemProxy;
			containerPortal = 7534F4922557D326005244B0 /* Project object */;
			proxyType = 1;
			remoteGlobalIDString = 7534F4992557D326005244B0;
			remoteInfo = "knovigo ios";
		};
		7534F4B72557D327005244B0 /* PBXContainerItemProxy */ = {
			isa = PBXContainerItemProxy;
			containerPortal = 7534F4922557D326005244B0 /* Project object */;
			proxyType = 1;
			remoteGlobalIDString = 7534F4992557D326005244B0;
			remoteInfo = "knovigo ios";
		};
/* End PBXContainerItemProxy section */

/* Begin PBXFileReference section */
		7534F49A2557D326005244B0 /* knovigo ios.app */ = {isa = PBXFileReference; explicitFileType = wrapper.application; includeInIndex = 0; path = "knovigo ios.app"; sourceTree = BUILT_PRODUCTS_DIR; };
		7534F49D2557D326005244B0 /* knovigo_iosApp.swift */ = {isa = PBXFileReference; lastKnownFileType = sourcecode.swift; path = knovigo_iosApp.swift; sourceTree = "<group>"; };
		7534F49F2557D326005244B0 /* ContentView.swift */ = {isa = PBXFileReference; lastKnownFileType = sourcecode.swift; path = ContentView.swift; sourceTree = "<group>"; };
		7534F4A12557D326005244B0 /* Assets.xcassets */ = {isa = PBXFileReference; lastKnownFileType = folder.assetcatalog; path = Assets.xcassets; sourceTree = "<group>"; };
		7534F4A42557D326005244B0 /* Preview Assets.xcassets */ = {isa = PBXFileReference; lastKnownFileType = folder.assetcatalog; path = "Preview Assets.xcassets"; sourceTree = "<group>"; };
		7534F4A62557D326005244B0 /* Info.plist */ = {isa = PBXFileReference; lastKnownFileType = text.plist.xml; path = Info.plist; sourceTree = "<group>"; };
		7534F4AB2557D327005244B0 /* knovigo iosTests.xctest */ = {isa = PBXFileReference; explicitFileType = wrapper.cfbundle; includeInIndex = 0; path = "knovigo iosTests.xctest"; sourceTree = BUILT_PRODUCTS_DIR; };
		7534F4AF2557D327005244B0 /* knovigo_iosTests.swift */ = {isa = PBXFileReference; lastKnownFileType = sourcecode.swift; path = knovigo_iosTests.swift; sourceTree = "<group>"; };
		7534F4B12557D327005244B0 /* Info.plist */ = {isa = PBXFileReference; lastKnownFileType = text.plist.xml; path = Info.plist; sourceTree = "<group>"; };
		7534F4B62557D327005244B0 /* knovigo iosUITests.xctest */ = {isa = PBXFileReference; explicitFileType = wrapper.cfbundle; includeInIndex = 0; path = "knovigo iosUITests.xctest"; sourceTree = BUILT_PRODUCTS_DIR; };
		7534F4BA2557D327005244B0 /* knovigo_iosUITests.swift */ = {isa = PBXFileReference; lastKnownFileType = sourcecode.swift; path = knovigo_iosUITests.swift; sourceTree = "<group>"; };
		7534F4BC2557D327005244B0 /* Info.plist */ = {isa = PBXFileReference; lastKnownFileType = text.plist.xml; path = Info.plist; sourceTree = "<group>"; };
/* End PBXFileReference section */

/* Begin PBXFrameworksBuildPhase section */
		7534F4972557D326005244B0 /* Frameworks */ = {
			isa = PBXFrameworksBuildPhase;
			buildActionMask = 2147483647;
			files = (
			);
			runOnlyForDeploymentPostprocessing = 0;
		};
		7534F4A82557D327005244B0 /* Frameworks */ = {
			isa = PBXFrameworksBuildPhase;
			buildActionMask = 2147483647;
			files = (
			);
			runOnlyForDeploymentPostprocessing = 0;
		};
		7534F4B32557D327005244B0 /* Frameworks */ = {
			isa = PBXFrameworksBuildPhase;
			buildActionMask = 2147483647;
			files = (
			);
			runOnlyForDeploymentPostprocessing = 0;
		};
/* End PBXFrameworksBuildPhase section */

/* Begin PBXGroup section */
		7534F4912557D326005244B0 = {
			isa = PBXGroup;
			children = (
				7534F49C2557D326005244B0 /* knovigo ios */,
				7534F4AE2557D327005244B0 /* knovigo iosTests */,
				7534F4B92557D327005244B0 /* knovigo iosUITests */,
				7534F49B2557D326005244B0 /* Products */,
			);
			sourceTree = "<group>";
		};
		7534F49B2557D326005244B0 /* Products */ = {
			isa = PBXGroup;
			children = (
				7534F49A2557D326005244B0 /* knovigo ios.app */,
				7534F4AB2557D327005244B0 /* knovigo iosTests.xctest */,
				7534F4B62557D327005244B0 /* knovigo iosUITests.xctest */,
			);
			name = Products;
			sourceTree = "<group>";
		};
		7534F49C2557D326005244B0 /* knovigo ios */ = {
			isa = PBXGroup;
			children = (
				7534F49D2557D326005244B0 /* knovigo_iosApp.swift */,
				7534F49F2557D326005244B0 /* ContentView.swift */,
				7534F4A12557D326005244B0 /* Assets.xcassets */,
				7534F4A62557D326005244B0 /* Info.plist */,
				7534F4A32557D326005244B0 /* Preview Content */,
			);
			path = "knovigo ios";
			sourceTree = "<group>";
		};
		7534F4A32557D326005244B0 /* Preview Content */ = {
			isa = PBXGroup;
			children = (
				7534F4A42557D326005244B0 /* Preview Assets.xcassets */,
			);
			path = "Preview Content";
			sourceTree = "<group>";
		};
		7534F4AE2557D327005244B0 /* knovigo iosTests */ = {
			isa = PBXGroup;
			children = (
				7534F4AF2557D327005244B0 /* knovigo_iosTests.swift */,
				7534F4B12557D327005244B0 /* Info.plist */,
			);
			path = "knovigo iosTests";
			sourceTree = "<group>";
		};
		7534F4B92557D327005244B0 /* knovigo iosUITests */ = {
			isa = PBXGroup;
			children = (
				7534F4BA2557D327005244B0 /* knovigo_iosUITests.swift */,
				7534F4BC2557D327005244B0 /* Info.plist */,
			);
			path = "knovigo iosUITests";
			sourceTree = "<group>";
		};
/* End PBXGroup section */

/* Begin PBXNativeTarget section */
		7534F4992557D326005244B0 /* knovigo ios */ = {
			isa = PBXNativeTarget;
			buildConfigurationList = 7534F4BF2557D327005244B0 /* Build configuration list for PBXNativeTarget "knovigo ios" */;
			buildPhases = (
				7534F4962557D326005244B0 /* Sources */,
				7534F4972557D326005244B0 /* Frameworks */,
				7534F4982557D326005244B0 /* Resources */,
			);
			buildRules = (
			);
			dependencies = (
			);
			name = "knovigo ios";
			productName = "knovigo ios";
			productReference = 7534F49A2557D326005244B0 /* knovigo ios.app */;
			productType = "com.apple.product-type.application";
		};
		7534F4AA2557D327005244B0 /* knovigo iosTests */ = {
			isa = PBXNativeTarget;
			buildConfigurationList = 7534F4C22557D327005244B0 /* Build configuration list for PBXNativeTarget "knovigo iosTests" */;
			buildPhases = (
				7534F4A72557D327005244B0 /* Sources */,
				7534F4A82557D327005244B0 /* Frameworks */,
				7534F4A92557D327005244B0 /* Resources */,
			);
			buildRules = (
			);
			dependencies = (
				7534F4AD2557D327005244B0 /* PBXTargetDependency */,
			);
			name = "knovigo iosTests";
			productName = "knovigo iosTests";
			productReference = 7534F4AB2557D327005244B0 /* knovigo iosTests.xctest */;
			productType = "com.apple.product-type.bundle.unit-test";
		};
		7534F4B52557D327005244B0 /* knovigo iosUITests */ = {
			isa = PBXNativeTarget;
			buildConfigurationList = 7534F4C52557D327005244B0 /* Build configuration list for PBXNativeTarget "knovigo iosUITests" */;
			buildPhases = (
				7534F4B22557D327005244B0 /* Sources */,
				7534F4B32557D327005244B0 /* Frameworks */,
				7534F4B42557D327005244B0 /* Resources */,
			);
			buildRules = (
			);
			dependencies = (
				7534F4B82557D327005244B0 /* PBXTargetDependency */,
			);
			name = "knovigo iosUITests";
			productName = "knovigo iosUITests";
			productReference = 7534F4B62557D327005244B0 /* knovigo iosUITests.xctest */;
			productType = "com.apple.product-type.bundle.ui-testing";
		};
/* End PBXNativeTarget section */

/* Begin PBXProject section */
		7534F4922557D326005244B0 /* Project object */ = {
			isa = PBXProject;
			attributes = {
				LastSwiftUpdateCheck = 1210;
				LastUpgradeCheck = 1210;
				TargetAttributes = {
					7534F4992557D326005244B0 = {
						CreatedOnToolsVersion = 12.1;
					};
					7534F4AA2557D327005244B0 = {
						CreatedOnToolsVersion = 12.1;
						TestTargetID = 7534F4992557D326005244B0;
					};
					7534F4B52557D327005244B0 = {
						CreatedOnToolsVersion = 12.1;
						TestTargetID = 7534F4992557D326005244B0;
					};
				};
			};
			buildConfigurationList = 7534F4952557D326005244B0 /* Build configuration list for PBXProject "knovigo ios" */;
			compatibilityVersion = "Xcode 9.3";
			developmentRegion = en;
			hasScannedForEncodings = 0;
			knownRegions = (
				en,
				Base,
			);
			mainGroup = 7534F4912557D326005244B0;
			productRefGroup = 7534F49B2557D326005244B0 /* Products */;
			projectDirPath = "";
			projectRoot = "";
			targets = (
				7534F4992557D326005244B0 /* knovigo ios */,
				7534F4AA2557D327005244B0 /* knovigo iosTests */,
				7534F4B52557D327005244B0 /* knovigo iosUITests */,
			);
		};
/* End PBXProject section */

/* Begin PBXResourcesBuildPhase section */
		7534F4982557D326005244B0 /* Resources */ = {
			isa = PBXResourcesBuildPhase;
			buildActionMask = 2147483647;
			files = (
				7534F4A52557D326005244B0 /* Preview Assets.xcassets in Resources */,
				7534F4A22557D326005244B0 /* Assets.xcassets in Resources */,
			);
			runOnlyForDeploymentPostprocessing = 0;
		};
		7534F4A92557D327005244B0 /* Resources */ = {
			isa = PBXResourcesBuildPhase;
			buildActionMask = 2147483647;
			files = (
			);
			runOnlyForDeploymentPostprocessing = 0;
		};
		7534F4B42557D327005244B0 /* Resources */ = {
			isa = PBXResourcesBuildPhase;
			buildActionMask = 2147483647;
			files = (
			);
			runOnlyForDeploymentPostprocessing = 0;
		};
/* End PBXResourcesBuildPhase section */

/* Begin PBXSourcesBuildPhase section */
		7534F4962557D326005244B0 /* Sources */ = {
			isa = PBXSourcesBuildPhase;
			buildActionMask = 2147483647;
			files = (
				7534F4A02557D326005244B0 /* ContentView.swift in Sources */,
				7534F49E2557D326005244B0 /* knovigo_iosApp.swift in Sources */,
			);
			runOnlyForDeploymentPostprocessing = 0;
		};
		7534F4A72557D327005244B0 /* Sources */ = {
			isa = PBXSourcesBuildPhase;
			buildActionMask = 2147483647;
			files = (
				7534F4B02557D327005244B0 /* knovigo_iosTests.swift in Sources */,
			);
			runOnlyForDeploymentPostprocessing = 0;
		};
		7534F4B22557D327005244B0 /* Sources */ = {
			isa = PBXSourcesBuildPhase;
			buildActionMask = 2147483647;
			files = (
				7534F4BB2557D327005244B0 /* knovigo_iosUITests.swift in Sources */,
			);
			runOnlyForDeploymentPostprocessing = 0;
		};
/* End PBXSourcesBuildPhase section */

/* Begin PBXTargetDependency section */
		7534F4AD2557D327005244B0 /* PBXTargetDependency */ = {
			isa = PBXTargetDependency;
			target = 7534F4992557D326005244B0 /* knovigo ios */;
			targetProxy = 7534F4AC2557D327005244B0 /* PBXContainerItemProxy */;
		};
		7534F4B82557D327005244B0 /* PBXTargetDependency */ = {
			isa = PBXTargetDependency;
			target = 7534F4992557D326005244B0 /* knovigo ios */;
			targetProxy = 7534F4B72557D327005244B0 /* PBXContainerItemProxy */;
		};
/* End PBXTargetDependency section */

/* Begin XCBuildConfiguration section */
		7534F4BD2557D327005244B0 /* Debug */ = {
			isa = XCBuildConfiguration;
			buildSettings = {
				ALWAYS_SEARCH_USER_PATHS = NO;
				CLANG_ANALYZER_NONNULL = YES;
				CLANG_ANALYZER_NUMBER_OBJECT_CONVERSION = YES_AGGRESSIVE;
				CLANG_CXX_LANGUAGE_STANDARD = "gnu++14";
				CLANG_CXX_LIBRARY = "libc++";
				CLANG_ENABLE_MODULES = YES;
				CLANG_ENABLE_OBJC_ARC = YES;
				CLANG_ENABLE_OBJC_WEAK = YES;
				CLANG_WARN_BLOCK_CAPTURE_AUTORELEASING = YES;
				CLANG_WARN_BOOL_CONVERSION = YES;
				CLANG_WARN_COMMA = YES;
				CLANG_WARN_CONSTANT_CONVERSION = YES;
				CLANG_WARN_DEPRECATED_OBJC_IMPLEMENTATIONS = YES;
				CLANG_WARN_DIRECT_OBJC_ISA_USAGE = YES_ERROR;
				CLANG_WARN_DOCUMENTATION_COMMENTS = YES;
				CLANG_WARN_EMPTY_BODY = YES;
				CLANG_WARN_ENUM_CONVERSION = YES;
				CLANG_WARN_INFINITE_RECURSION = YES;
				CLANG_WARN_INT_CONVERSION = YES;
				CLANG_WARN_NON_LITERAL_NULL_CONVERSION = YES;
				CLANG_WARN_OBJC_IMPLICIT_RETAIN_SELF = YES;
				CLANG_WARN_OBJC_LITERAL_CONVERSION = YES;
				CLANG_WARN_OBJC_ROOT_CLASS = YES_ERROR;
				CLANG_WARN_QUOTED_INCLUDE_IN_FRAMEWORK_HEADER = YES;
				CLANG_WARN_RANGE_LOOP_ANALYSIS = YES;
				CLANG_WARN_STRICT_PROTOTYPES = YES;
				CLANG_WARN_SUSPICIOUS_MOVE = YES;
				CLANG_WARN_UNGUARDED_AVAILABILITY = YES_AGGRESSIVE;
				CLANG_WARN_UNREACHABLE_CODE = YES;
				CLANG_WARN__DUPLICATE_METHOD_MATCH = YES;
				COPY_PHASE_STRIP = NO;
				DEBUG_INFORMATION_FORMAT = dwarf;
				ENABLE_STRICT_OBJC_MSGSEND = YES;
				ENABLE_TESTABILITY = YES;
				GCC_C_LANGUAGE_STANDARD = gnu11;
				GCC_DYNAMIC_NO_PIC = NO;
				GCC_NO_COMMON_BLOCKS = YES;
				GCC_OPTIMIZATION_LEVEL = 0;
				GCC_PREPROCESSOR_DEFINITIONS = (
					"DEBUG=1",
					"$(inherited)",
				);
				GCC_WARN_64_TO_32_BIT_CONVERSION = YES;
				GCC_WARN_ABOUT_RETURN_TYPE = YES_ERROR;
				GCC_WARN_UNDECLARED_SELECTOR = YES;
				GCC_WARN_UNINITIALIZED_AUTOS = YES_AGGRESSIVE;
				GCC_WARN_UNUSED_FUNCTION = YES;
				GCC_WARN_UNUSED_VARIABLE = YES;
				IPHONEOS_DEPLOYMENT_TARGET = 14.1;
				MTL_ENABLE_DEBUG_INFO = INCLUDE_SOURCE;
				MTL_FAST_MATH = YES;
				ONLY_ACTIVE_ARCH = YES;
				SDKROOT = iphoneos;
				SWIFT_ACTIVE_COMPILATION_CONDITIONS = DEBUG;
				SWIFT_OPTIMIZATION_LEVEL = "-Onone";
			};
			name = Debug;
		};
		7534F4BE2557D327005244B0 /* Release */ = {
			isa = XCBuildConfiguration;
			buildSettings = {
				ALWAYS_SEARCH_USER_PATHS = NO;
				CLANG_ANALYZER_NONNULL = YES;
				CLANG_ANALYZER_NUMBER_OBJECT_CONVERSION = YES_AGGRESSIVE;
				CLANG_CXX_LANGUAGE_STANDARD = "gnu++14";
				CLANG_CXX_LIBRARY = "libc++";
				CLANG_ENABLE_MODULES = YES;
				CLANG_ENABLE_OBJC_ARC = YES;
				CLANG_ENABLE_OBJC_WEAK = YES;
				CLANG_WARN_BLOCK_CAPTURE_AUTORELEASING = YES;
				CLANG_WARN_BOOL_CONVERSION = YES;
				CLANG_WARN_COMMA = YES;
				CLANG_WARN_CONSTANT_CONVERSION = YES;
				CLANG_WARN_DEPRECATED_OBJC_IMPLEMENTATIONS = YES;
				CLANG_WARN_DIRECT_OBJC_ISA_USAGE = YES_ERROR;
				CLANG_WARN_DOCUMENTATION_COMMENTS = YES;
				CLANG_WARN_EMPTY_BODY = YES;
				CLANG_WARN_ENUM_CONVERSION = YES;
				CLANG_WARN_INFINITE_RECURSION = YES;
				CLANG_WARN_INT_CONVERSION = YES;
				CLANG_WARN_NON_LITERAL_NULL_CONVERSION = YES;
				CLANG_WARN_OBJC_IMPLICIT_RETAIN_SELF = YES;
				CLANG_WARN_OBJC_LITERAL_CONVERSION = YES;
				CLANG_WARN_OBJC_ROOT_CLASS = YES_ERROR;
				CLANG_WARN_QUOTED_INCLUDE_IN_FRAMEWORK_HEADER = YES;
				CLANG_WARN_RANGE_LOOP_ANALYSIS = YES;
				CLANG_WARN_STRICT_PROTOTYPES = YES;
				CLANG_WARN_SUSPICIOUS_MOVE = YES;
				CLANG_WARN_UNGUARDED_AVAILABILITY = YES_AGGRESSIVE;
				CLANG_WARN_UNREACHABLE_CODE = YES;
				CLANG_WARN__DUPLICATE_METHOD_MATCH = YES;
				COPY_PHASE_STRIP = NO;
				DEBUG_INFORMATION_FORMAT = "dwarf-with-dsym";
				ENABLE_NS_ASSERTIONS = NO;
				ENABLE_STRICT_OBJC_MSGSEND = YES;
				GCC_C_LANGUAGE_STANDARD = gnu11;
				GCC_NO_COMMON_BLOCKS = YES;
				GCC_WARN_64_TO_32_BIT_CONVERSION = YES;
				GCC_WARN_ABOUT_RETURN_TYPE = YES_ERROR;
				GCC_WARN_UNDECLARED_SELECTOR = YES;
				GCC_WARN_UNINITIALIZED_AUTOS = YES_AGGRESSIVE;
				GCC_WARN_UNUSED_FUNCTION = YES;
				GCC_WARN_UNUSED_VARIABLE = YES;
				IPHONEOS_DEPLOYMENT_TARGET = 14.1;
				MTL_ENABLE_DEBUG_INFO = NO;
				MTL_FAST_MATH = YES;
				SDKROOT = iphoneos;
				SWIFT_COMPILATION_MODE = wholemodule;
				SWIFT_OPTIMIZATION_LEVEL = "-O";
				VALIDATE_PRODUCT = YES;
			};
			name = Release;
		};
		7534F4C02557D327005244B0 /* Debug */ = {
			isa = XCBuildConfiguration;
			buildSettings = {
				ASSETCATALOG_COMPILER_APPICON_NAME = AppIcon;
				ASSETCATALOG_COMPILER_GLOBAL_ACCENT_COLOR_NAME = AccentColor;
				CODE_SIGN_STYLE = Automatic;
				DEVELOPMENT_ASSET_PATHS = "\"knovigo ios/Preview Content\"";
				ENABLE_PREVIEWS = YES;
				INFOPLIST_FILE = "knovigo ios/Info.plist";
				IPHONEOS_DEPLOYMENT_TARGET = 14.0;
				LD_RUNPATH_SEARCH_PATHS = (
					"$(inherited)",
					"@executable_path/Frameworks",
				);
				PRODUCT_BUNDLE_IDENTIFIER = "mk.knovigo-ios";
				PRODUCT_NAME = "$(TARGET_NAME)";
				SWIFT_VERSION = 5.0;
				TARGETED_DEVICE_FAMILY = "1,2";
			};
			name = Debug;
		};
		7534F4C12557D327005244B0 /* Release */ = {
			isa = XCBuildConfiguration;
			buildSettings = {
				ASSETCATALOG_COMPILER_APPICON_NAME = AppIcon;
				ASSETCATALOG_COMPILER_GLOBAL_ACCENT_COLOR_NAME = AccentColor;
				CODE_SIGN_STYLE = Automatic;
				DEVELOPMENT_ASSET_PATHS = "\"knovigo ios/Preview Content\"";
				ENABLE_PREVIEWS = YES;
				INFOPLIST_FILE = "knovigo ios/Info.plist";
				IPHONEOS_DEPLOYMENT_TARGET = 14.0;
				LD_RUNPATH_SEARCH_PATHS = (
					"$(inherited)",
					"@executable_path/Frameworks",
				);
				PRODUCT_BUNDLE_IDENTIFIER = "mk.knovigo-ios";
				PRODUCT_NAME = "$(TARGET_NAME)";
				SWIFT_VERSION = 5.0;
				TARGETED_DEVICE_FAMILY = "1,2";
			};
			name = Release;
		};
		7534F4C32557D327005244B0 /* Debug */ = {
			isa = XCBuildConfiguration;
			buildSettings = {
				ALWAYS_EMBED_SWIFT_STANDARD_LIBRARIES = YES;
				BUNDLE_LOADER = "$(TEST_HOST)";
				CODE_SIGN_STYLE = Automatic;
				INFOPLIST_FILE = "knovigo iosTests/Info.plist";
				IPHONEOS_DEPLOYMENT_TARGET = 14.0;
				LD_RUNPATH_SEARCH_PATHS = (
					"$(inherited)",
					"@executable_path/Frameworks",
					"@loader_path/Frameworks",
				);
				PRODUCT_BUNDLE_IDENTIFIER = "mk.knovigo-iosTests";
				PRODUCT_NAME = "$(TARGET_NAME)";
				SWIFT_VERSION = 5.0;
				TARGETED_DEVICE_FAMILY = "1,2";
				TEST_HOST = "$(BUILT_PRODUCTS_DIR)/knovigo ios.app/knovigo ios";
			};
			name = Debug;
		};
		7534F4C42557D327005244B0 /* Release */ = {
			isa = XCBuildConfiguration;
			buildSettings = {
				ALWAYS_EMBED_SWIFT_STANDARD_LIBRARIES = YES;
				BUNDLE_LOADER = "$(TEST_HOST)";
				CODE_SIGN_STYLE = Automatic;
				INFOPLIST_FILE = "knovigo iosTests/Info.plist";
				IPHONEOS_DEPLOYMENT_TARGET = 14.0;
				LD_RUNPATH_SEARCH_PATHS = (
					"$(inherited)",
					"@executable_path/Frameworks",
					"@loader_path/Frameworks",
				);
				PRODUCT_BUNDLE_IDENTIFIER = "mk.knovigo-iosTests";
				PRODUCT_NAME = "$(TARGET_NAME)";
				SWIFT_VERSION = 5.0;
				TARGETED_DEVICE_FAMILY = "1,2";
				TEST_HOST = "$(BUILT_PRODUCTS_DIR)/knovigo ios.app/knovigo ios";
			};
			name = Release;
		};
		7534F4C62557D327005244B0 /* Debug */ = {
			isa = XCBuildConfiguration;
			buildSettings = {
				ALWAYS_EMBED_SWIFT_STANDARD_LIBRARIES = YES;
				CODE_SIGN_STYLE = Automatic;
				INFOPLIST_FILE = "knovigo iosUITests/Info.plist";
				LD_RUNPATH_SEARCH_PATHS = (
					"$(inherited)",
					"@executable_path/Frameworks",
					"@loader_path/Frameworks",
				);
				PRODUCT_BUNDLE_IDENTIFIER = "mk.knovigo-iosUITests";
				PRODUCT_NAME = "$(TARGET_NAME)";
				SWIFT_VERSION = 5.0;
				TARGETED_DEVICE_FAMILY = "1,2";
				TEST_TARGET_NAME = "knovigo ios";
			};
			name = Debug;
		};
		7534F4C72557D327005244B0 /* Release */ = {
			isa = XCBuildConfiguration;
			buildSettings = {
				ALWAYS_EMBED_SWIFT_STANDARD_LIBRARIES = YES;
				CODE_SIGN_STYLE = Automatic;
				INFOPLIST_FILE = "knovigo iosUITests/Info.plist";
				LD_RUNPATH_SEARCH_PATHS = (
					"$(inherited)",
					"@executable_path/Frameworks",
					"@loader_path/Frameworks",
				);
				PRODUCT_BUNDLE_IDENTIFIER = "mk.knovigo-iosUITests";
				PRODUCT_NAME = "$(TARGET_NAME)";
				SWIFT_VERSION = 5.0;
				TARGETED_DEVICE_FAMILY = "1,2";
				TEST_TARGET_NAME = "knovigo ios";
			};
			name = Release;
		};
/* End XCBuildConfiguration section */

/* Begin XCConfigurationList section */
		7534F4952557D326005244B0 /* Build configuration list for PBXProject "knovigo ios" */ = {
			isa = XCConfigurationList;
			buildConfigurations = (
				7534F4BD2557D327005244B0 /* Debug */,
				7534F4BE2557D327005244B0 /* Release */,
			);
			defaultConfigurationIsVisible = 0;
			defaultConfigurationName = Release;
		};
		7534F4BF2557D327005244B0 /* Build configuration list for PBXNativeTarget "knovigo ios" */ = {
			isa = XCConfigurationList;
			buildConfigurations = (
				7534F4C02557D327005244B0 /* Debug */,
				7534F4C12557D327005244B0 /* Release */,
			);
			defaultConfigurationIsVisible = 0;
			defaultConfigurationName = Release;
		};
		7534F4C22557D327005244B0 /* Build configuration list for PBXNativeTarget "knovigo iosTests" */ = {
			isa = XCConfigurationList;
			buildConfigurations = (
				7534F4C32557D327005244B0 /* Debug */,
				7534F4C42557D327005244B0 /* Release */,
			);
			defaultConfigurationIsVisible = 0;
			defaultConfigurationName = Release;
		};
		7534F4C52557D327005244B0 /* Build configuration list for PBXNativeTarget "knovigo iosUITests" */ = {
			isa = XCConfigurationList;
			buildConfigurations = (
				7534F4C62557D327005244B0 /* Debug */,
				7534F4C72557D327005244B0 /* Release */,
			);
			defaultConfigurationIsVisible = 0;
			defaultConfigurationName = Release;
		};
/* End XCConfigurationList section */
	};
	rootObject = 7534F4922557D326005244B0 /* Project object */;
}
