// !$*UTF8*$!
{
	archiveVersion = 1;
	classes = {
	};
	objectVersion = 51;
	objects = {

/* Begin PBXBuildFile section */
		0A84508A2561754E0036589F /* AppDelegate.swift in Sources */ = {isa = PBXBuildFile; fileRef = 0A8450892561754E0036589F /* AppDelegate.swift */; };
		0A84508C2561754E0036589F /* SceneDelegate.swift in Sources */ = {isa = PBXBuildFile; fileRef = 0A84508B2561754E0036589F /* SceneDelegate.swift */; };
		0A84508E2561754E0036589F /* ViewController.swift in Sources */ = {isa = PBXBuildFile; fileRef = 0A84508D2561754E0036589F /* ViewController.swift */; };
		0A8450912561754E0036589F /* Main.storyboard in Resources */ = {isa = PBXBuildFile; fileRef = 0A84508F2561754E0036589F /* Main.storyboard */; };
		0A845093256175520036589F /* Assets.xcassets in Resources */ = {isa = PBXBuildFile; fileRef = 0A845092256175520036589F /* Assets.xcassets */; };
		0A845096256175520036589F /* LaunchScreen.storyboard in Resources */ = {isa = PBXBuildFile; fileRef = 0A845094256175520036589F /* LaunchScreen.storyboard */; };
		0A8450A1256175530036589F /* knovigo_iosTests.swift in Sources */ = {isa = PBXBuildFile; fileRef = 0A8450A0256175530036589F /* knovigo_iosTests.swift */; };
		0A8450AC256175530036589F /* knovigo_iosUITests.swift in Sources */ = {isa = PBXBuildFile; fileRef = 0A8450AB256175530036589F /* knovigo_iosUITests.swift */; };
		922759826C21706CC7D55C28 /* libPods-knovigo ios.a in Frameworks */ = {isa = PBXBuildFile; fileRef = D2409AF8A524EB449240FCED /* libPods-knovigo ios.a */; };
/* End PBXBuildFile section */

/* Begin PBXContainerItemProxy section */
		0A84509D256175530036589F /* PBXContainerItemProxy */ = {
			isa = PBXContainerItemProxy;
			containerPortal = 0A84507E2561754E0036589F /* Project object */;
			proxyType = 1;
			remoteGlobalIDString = 0A8450852561754E0036589F;
			remoteInfo = "knovigo ios";
		};
		0A8450A8256175530036589F /* PBXContainerItemProxy */ = {
			isa = PBXContainerItemProxy;
			containerPortal = 0A84507E2561754E0036589F /* Project object */;
			proxyType = 1;
			remoteGlobalIDString = 0A8450852561754E0036589F;
			remoteInfo = "knovigo ios";
		};
/* End PBXContainerItemProxy section */

/* Begin PBXFileReference section */
		00AACCBD9DFEC22CF9FF2FA3 /* Pods-knovigo ios.release.xcconfig */ = {isa = PBXFileReference; includeInIndex = 1; lastKnownFileType = text.xcconfig; name = "Pods-knovigo ios.release.xcconfig"; path = "Target Support Files/Pods-knovigo ios/Pods-knovigo ios.release.xcconfig"; sourceTree = "<group>"; };
		0A8450862561754E0036589F /* knovigo ios.app */ = {isa = PBXFileReference; explicitFileType = wrapper.application; includeInIndex = 0; path = "knovigo ios.app"; sourceTree = BUILT_PRODUCTS_DIR; };
		0A8450892561754E0036589F /* AppDelegate.swift */ = {isa = PBXFileReference; lastKnownFileType = sourcecode.swift; path = AppDelegate.swift; sourceTree = "<group>"; };
		0A84508B2561754E0036589F /* SceneDelegate.swift */ = {isa = PBXFileReference; lastKnownFileType = sourcecode.swift; path = SceneDelegate.swift; sourceTree = "<group>"; };
		0A84508D2561754E0036589F /* ViewController.swift */ = {isa = PBXFileReference; lastKnownFileType = sourcecode.swift; path = ViewController.swift; sourceTree = "<group>"; };
		0A8450902561754E0036589F /* Base */ = {isa = PBXFileReference; lastKnownFileType = file.storyboard; name = Base; path = Base.lproj/Main.storyboard; sourceTree = "<group>"; };
		0A845092256175520036589F /* Assets.xcassets */ = {isa = PBXFileReference; lastKnownFileType = folder.assetcatalog; path = Assets.xcassets; sourceTree = "<group>"; };
		0A845095256175520036589F /* Base */ = {isa = PBXFileReference; lastKnownFileType = file.storyboard; name = Base; path = Base.lproj/LaunchScreen.storyboard; sourceTree = "<group>"; };
		0A845097256175520036589F /* Info.plist */ = {isa = PBXFileReference; lastKnownFileType = text.plist.xml; path = Info.plist; sourceTree = "<group>"; };
		0A84509C256175530036589F /* knovigo iosTests.xctest */ = {isa = PBXFileReference; explicitFileType = wrapper.cfbundle; includeInIndex = 0; path = "knovigo iosTests.xctest"; sourceTree = BUILT_PRODUCTS_DIR; };
		0A8450A0256175530036589F /* knovigo_iosTests.swift */ = {isa = PBXFileReference; lastKnownFileType = sourcecode.swift; path = knovigo_iosTests.swift; sourceTree = "<group>"; };
		0A8450A2256175530036589F /* Info.plist */ = {isa = PBXFileReference; lastKnownFileType = text.plist.xml; path = Info.plist; sourceTree = "<group>"; };
		0A8450A7256175530036589F /* knovigo iosUITests.xctest */ = {isa = PBXFileReference; explicitFileType = wrapper.cfbundle; includeInIndex = 0; path = "knovigo iosUITests.xctest"; sourceTree = BUILT_PRODUCTS_DIR; };
		0A8450AB256175530036589F /* knovigo_iosUITests.swift */ = {isa = PBXFileReference; lastKnownFileType = sourcecode.swift; path = knovigo_iosUITests.swift; sourceTree = "<group>"; };
		0A8450AD256175530036589F /* Info.plist */ = {isa = PBXFileReference; lastKnownFileType = text.plist.xml; path = Info.plist; sourceTree = "<group>"; };
		4DB54B563B0E9CB59BBACA4D /* Pods-knovigo ios.debug.xcconfig */ = {isa = PBXFileReference; includeInIndex = 1; lastKnownFileType = text.xcconfig; name = "Pods-knovigo ios.debug.xcconfig"; path = "Target Support Files/Pods-knovigo ios/Pods-knovigo ios.debug.xcconfig"; sourceTree = "<group>"; };
		D2409AF8A524EB449240FCED /* libPods-knovigo ios.a */ = {isa = PBXFileReference; explicitFileType = archive.ar; includeInIndex = 0; path = "libPods-knovigo ios.a"; sourceTree = BUILT_PRODUCTS_DIR; };
/* End PBXFileReference section */

/* Begin PBXFrameworksBuildPhase section */
		0A8450832561754E0036589F /* Frameworks */ = {
			isa = PBXFrameworksBuildPhase;
			buildActionMask = 2147483647;
			files = (
				922759826C21706CC7D55C28 /* libPods-knovigo ios.a in Frameworks */,
			);
			runOnlyForDeploymentPostprocessing = 0;
		};
		0A845099256175530036589F /* Frameworks */ = {
			isa = PBXFrameworksBuildPhase;
			buildActionMask = 2147483647;
			files = (
			);
			runOnlyForDeploymentPostprocessing = 0;
		};
		0A8450A4256175530036589F /* Frameworks */ = {
			isa = PBXFrameworksBuildPhase;
			buildActionMask = 2147483647;
			files = (
			);
			runOnlyForDeploymentPostprocessing = 0;
		};
/* End PBXFrameworksBuildPhase section */

/* Begin PBXGroup section */
		0A84507D2561754E0036589F = {
			isa = PBXGroup;
			children = (
				0A8450882561754E0036589F /* knovigo ios */,
				0A84509F256175530036589F /* knovigo iosTests */,
				0A8450AA256175530036589F /* knovigo iosUITests */,
				0A8450872561754E0036589F /* Products */,
				5EDF35990524CE9C09AFAD4D /* Pods */,
				28C4D7E3B6E91F1A351FD40B /* Frameworks */,
			);
			sourceTree = "<group>";
		};
		0A8450872561754E0036589F /* Products */ = {
			isa = PBXGroup;
			children = (
				0A8450862561754E0036589F /* knovigo ios.app */,
				0A84509C256175530036589F /* knovigo iosTests.xctest */,
				0A8450A7256175530036589F /* knovigo iosUITests.xctest */,
			);
			name = Products;
			sourceTree = "<group>";
		};
		0A8450882561754E0036589F /* knovigo ios */ = {
			isa = PBXGroup;
			children = (
				0A8450892561754E0036589F /* AppDelegate.swift */,
				0A84508B2561754E0036589F /* SceneDelegate.swift */,
				0A84508D2561754E0036589F /* ViewController.swift */,
				0A84508F2561754E0036589F /* Main.storyboard */,
				0A845092256175520036589F /* Assets.xcassets */,
				0A845094256175520036589F /* LaunchScreen.storyboard */,
				0A845097256175520036589F /* Info.plist */,
			);
			path = "knovigo ios";
			sourceTree = "<group>";
		};
		0A84509F256175530036589F /* knovigo iosTests */ = {
			isa = PBXGroup;
			children = (
				0A8450A0256175530036589F /* knovigo_iosTests.swift */,
				0A8450A2256175530036589F /* Info.plist */,
			);
			path = "knovigo iosTests";
			sourceTree = "<group>";
		};
		0A8450AA256175530036589F /* knovigo iosUITests */ = {
			isa = PBXGroup;
			children = (
				0A8450AB256175530036589F /* knovigo_iosUITests.swift */,
				0A8450AD256175530036589F /* Info.plist */,
			);
			path = "knovigo iosUITests";
			sourceTree = "<group>";
		};
		28C4D7E3B6E91F1A351FD40B /* Frameworks */ = {
			isa = PBXGroup;
			children = (
				D2409AF8A524EB449240FCED /* libPods-knovigo ios.a */,
			);
			name = Frameworks;
			sourceTree = "<group>";
		};
		5EDF35990524CE9C09AFAD4D /* Pods */ = {
			isa = PBXGroup;
			children = (
				4DB54B563B0E9CB59BBACA4D /* Pods-knovigo ios.debug.xcconfig */,
				00AACCBD9DFEC22CF9FF2FA3 /* Pods-knovigo ios.release.xcconfig */,
			);
			path = Pods;
			sourceTree = "<group>";
		};
/* End PBXGroup section */

/* Begin PBXNativeTarget section */
		0A8450852561754E0036589F /* knovigo ios */ = {
			isa = PBXNativeTarget;
			buildConfigurationList = 0A8450B0256175530036589F /* Build configuration list for PBXNativeTarget "knovigo ios" */;
			buildPhases = (
				E9E70F86407992F6FA25D157 /* [CP] Check Pods Manifest.lock */,
				0A8450822561754E0036589F /* Sources */,
				0A8450832561754E0036589F /* Frameworks */,
				0A8450842561754E0036589F /* Resources */,
				2D2D2445AD26FDC3B3BCA4FA /* [CP] Copy Pods Resources */,
			);
			buildRules = (
			);
			dependencies = (
			);
			name = "knovigo ios";
			productName = "knovigo ios";
			productReference = 0A8450862561754E0036589F /* knovigo ios.app */;
			productType = "com.apple.product-type.application";
		};
		0A84509B256175530036589F /* knovigo iosTests */ = {
			isa = PBXNativeTarget;
			buildConfigurationList = 0A8450B3256175530036589F /* Build configuration list for PBXNativeTarget "knovigo iosTests" */;
			buildPhases = (
				0A845098256175530036589F /* Sources */,
				0A845099256175530036589F /* Frameworks */,
				0A84509A256175530036589F /* Resources */,
			);
			buildRules = (
			);
			dependencies = (
				0A84509E256175530036589F /* PBXTargetDependency */,
			);
			name = "knovigo iosTests";
			productName = "knovigo iosTests";
			productReference = 0A84509C256175530036589F /* knovigo iosTests.xctest */;
			productType = "com.apple.product-type.bundle.unit-test";
		};
		0A8450A6256175530036589F /* knovigo iosUITests */ = {
			isa = PBXNativeTarget;
			buildConfigurationList = 0A8450B6256175530036589F /* Build configuration list for PBXNativeTarget "knovigo iosUITests" */;
			buildPhases = (
				0A8450A3256175530036589F /* Sources */,
				0A8450A4256175530036589F /* Frameworks */,
				0A8450A5256175530036589F /* Resources */,
			);
			buildRules = (
			);
			dependencies = (
				0A8450A9256175530036589F /* PBXTargetDependency */,
			);
			name = "knovigo iosUITests";
			productName = "knovigo iosUITests";
			productReference = 0A8450A7256175530036589F /* knovigo iosUITests.xctest */;
			productType = "com.apple.product-type.bundle.ui-testing";
		};
/* End PBXNativeTarget section */

/* Begin PBXProject section */
		0A84507E2561754E0036589F /* Project object */ = {
			isa = PBXProject;
			attributes = {
				LastSwiftUpdateCheck = 1150;
				LastUpgradeCheck = 1150;
				ORGANIZATIONNAME = "Katie Chang";
				TargetAttributes = {
					0A8450852561754E0036589F = {
						CreatedOnToolsVersion = 11.5;
					};
					0A84509B256175530036589F = {
						CreatedOnToolsVersion = 11.5;
						TestTargetID = 0A8450852561754E0036589F;
					};
					0A8450A6256175530036589F = {
						CreatedOnToolsVersion = 11.5;
						TestTargetID = 0A8450852561754E0036589F;
					};
				};
			};
			buildConfigurationList = 0A8450812561754E0036589F /* Build configuration list for PBXProject "knovigo ios" */;
			compatibilityVersion = "Xcode 9.3";
			developmentRegion = en;
			hasScannedForEncodings = 0;
			knownRegions = (
				en,
				Base,
			);
			mainGroup = 0A84507D2561754E0036589F;
			productRefGroup = 0A8450872561754E0036589F /* Products */;
			projectDirPath = "";
			projectRoot = "";
			targets = (
				0A8450852561754E0036589F /* knovigo ios */,
				0A84509B256175530036589F /* knovigo iosTests */,
				0A8450A6256175530036589F /* knovigo iosUITests */,
			);
		};
/* End PBXProject section */

/* Begin PBXResourcesBuildPhase section */
		0A8450842561754E0036589F /* Resources */ = {
			isa = PBXResourcesBuildPhase;
			buildActionMask = 2147483647;
			files = (
				0A845096256175520036589F /* LaunchScreen.storyboard in Resources */,
				0A845093256175520036589F /* Assets.xcassets in Resources */,
				0A8450912561754E0036589F /* Main.storyboard in Resources */,
			);
			runOnlyForDeploymentPostprocessing = 0;
		};
		0A84509A256175530036589F /* Resources */ = {
			isa = PBXResourcesBuildPhase;
			buildActionMask = 2147483647;
			files = (
			);
			runOnlyForDeploymentPostprocessing = 0;
		};
		0A8450A5256175530036589F /* Resources */ = {
			isa = PBXResourcesBuildPhase;
			buildActionMask = 2147483647;
			files = (
			);
			runOnlyForDeploymentPostprocessing = 0;
		};
/* End PBXResourcesBuildPhase section */

/* Begin PBXShellScriptBuildPhase section */
		2D2D2445AD26FDC3B3BCA4FA /* [CP] Copy Pods Resources */ = {
			isa = PBXShellScriptBuildPhase;
			buildActionMask = 2147483647;
			files = (
			);
			inputFileListPaths = (
				"${PODS_ROOT}/Target Support Files/Pods-knovigo ios/Pods-knovigo ios-resources-${CONFIGURATION}-input-files.xcfilelist",
			);
			name = "[CP] Copy Pods Resources";
			outputFileListPaths = (
				"${PODS_ROOT}/Target Support Files/Pods-knovigo ios/Pods-knovigo ios-resources-${CONFIGURATION}-output-files.xcfilelist",
			);
			runOnlyForDeploymentPostprocessing = 0;
			shellPath = /bin/sh;
			shellScript = "\"${PODS_ROOT}/Target Support Files/Pods-knovigo ios/Pods-knovigo ios-resources.sh\"\n";
			showEnvVarsInLog = 0;
		};
		E9E70F86407992F6FA25D157 /* [CP] Check Pods Manifest.lock */ = {
			isa = PBXShellScriptBuildPhase;
			buildActionMask = 2147483647;
			files = (
			);
			inputFileListPaths = (
			);
			inputPaths = (
				"${PODS_PODFILE_DIR_PATH}/Podfile.lock",
				"${PODS_ROOT}/Manifest.lock",
			);
			name = "[CP] Check Pods Manifest.lock";
			outputFileListPaths = (
			);
			outputPaths = (
				"$(DERIVED_FILE_DIR)/Pods-knovigo ios-checkManifestLockResult.txt",
			);
			runOnlyForDeploymentPostprocessing = 0;
			shellPath = /bin/sh;
			shellScript = "diff \"${PODS_PODFILE_DIR_PATH}/Podfile.lock\" \"${PODS_ROOT}/Manifest.lock\" > /dev/null\nif [ $? != 0 ] ; then\n    # print error to STDERR\n    echo \"error: The sandbox is not in sync with the Podfile.lock. Run 'pod install' or update your CocoaPods installation.\" >&2\n    exit 1\nfi\n# This output is used by Xcode 'outputs' to avoid re-running this script phase.\necho \"SUCCESS\" > \"${SCRIPT_OUTPUT_FILE_0}\"\n";
			showEnvVarsInLog = 0;
		};
/* End PBXShellScriptBuildPhase section */

/* Begin PBXSourcesBuildPhase section */
		0A8450822561754E0036589F /* Sources */ = {
			isa = PBXSourcesBuildPhase;
			buildActionMask = 2147483647;
			files = (
				0A84508E2561754E0036589F /* ViewController.swift in Sources */,
				0A84508A2561754E0036589F /* AppDelegate.swift in Sources */,
				0A84508C2561754E0036589F /* SceneDelegate.swift in Sources */,
			);
			runOnlyForDeploymentPostprocessing = 0;
		};
		0A845098256175530036589F /* Sources */ = {
			isa = PBXSourcesBuildPhase;
			buildActionMask = 2147483647;
			files = (
				0A8450A1256175530036589F /* knovigo_iosTests.swift in Sources */,
			);
			runOnlyForDeploymentPostprocessing = 0;
		};
		0A8450A3256175530036589F /* Sources */ = {
			isa = PBXSourcesBuildPhase;
			buildActionMask = 2147483647;
			files = (
				0A8450AC256175530036589F /* knovigo_iosUITests.swift in Sources */,
			);
			runOnlyForDeploymentPostprocessing = 0;
		};
/* End PBXSourcesBuildPhase section */

/* Begin PBXTargetDependency section */
		0A84509E256175530036589F /* PBXTargetDependency */ = {
			isa = PBXTargetDependency;
			target = 0A8450852561754E0036589F /* knovigo ios */;
			targetProxy = 0A84509D256175530036589F /* PBXContainerItemProxy */;
		};
		0A8450A9256175530036589F /* PBXTargetDependency */ = {
			isa = PBXTargetDependency;
			target = 0A8450852561754E0036589F /* knovigo ios */;
			targetProxy = 0A8450A8256175530036589F /* PBXContainerItemProxy */;
		};
/* End PBXTargetDependency section */

/* Begin PBXVariantGroup section */
		0A84508F2561754E0036589F /* Main.storyboard */ = {
			isa = PBXVariantGroup;
			children = (
				0A8450902561754E0036589F /* Base */,
			);
			name = Main.storyboard;
			sourceTree = "<group>";
		};
		0A845094256175520036589F /* LaunchScreen.storyboard */ = {
			isa = PBXVariantGroup;
			children = (
				0A845095256175520036589F /* Base */,
			);
			name = LaunchScreen.storyboard;
			sourceTree = "<group>";
		};
/* End PBXVariantGroup section */

/* Begin XCBuildConfiguration section */
		0A8450AE256175530036589F /* Debug */ = {
			isa = XCBuildConfiguration;
			buildSettings = {
				ALWAYS_SEARCH_USER_PATHS = NO;
				CLANG_ANALYZER_NONNULL = YES;
				CLANG_ANALYZER_NUMBER_OBJECT_CONVERSION = YES_AGGRESSIVE;
				CLANG_CXX_LANGUAGE_STANDARD = "gnu++14";
				CLANG_CXX_LIBRARY = "libc++";
				CLANG_ENABLE_MODULES = YES;
				CLANG_ENABLE_OBJC_ARC = YES;
				CLANG_ENABLE_OBJC_WEAK = YES;
				CLANG_WARN_BLOCK_CAPTURE_AUTORELEASING = YES;
				CLANG_WARN_BOOL_CONVERSION = YES;
				CLANG_WARN_COMMA = YES;
				CLANG_WARN_CONSTANT_CONVERSION = YES;
				CLANG_WARN_DEPRECATED_OBJC_IMPLEMENTATIONS = YES;
				CLANG_WARN_DIRECT_OBJC_ISA_USAGE = YES_ERROR;
				CLANG_WARN_DOCUMENTATION_COMMENTS = YES;
				CLANG_WARN_EMPTY_BODY = YES;
				CLANG_WARN_ENUM_CONVERSION = YES;
				CLANG_WARN_INFINITE_RECURSION = YES;
				CLANG_WARN_INT_CONVERSION = YES;
				CLANG_WARN_NON_LITERAL_NULL_CONVERSION = YES;
				CLANG_WARN_OBJC_IMPLICIT_RETAIN_SELF = YES;
				CLANG_WARN_OBJC_LITERAL_CONVERSION = YES;
				CLANG_WARN_OBJC_ROOT_CLASS = YES_ERROR;
				CLANG_WARN_RANGE_LOOP_ANALYSIS = YES;
				CLANG_WARN_STRICT_PROTOTYPES = YES;
				CLANG_WARN_SUSPICIOUS_MOVE = YES;
				CLANG_WARN_UNGUARDED_AVAILABILITY = YES_AGGRESSIVE;
				CLANG_WARN_UNREACHABLE_CODE = YES;
				CLANG_WARN__DUPLICATE_METHOD_MATCH = YES;
				COPY_PHASE_STRIP = NO;
				DEBUG_INFORMATION_FORMAT = dwarf;
				ENABLE_STRICT_OBJC_MSGSEND = YES;
				ENABLE_TESTABILITY = YES;
				GCC_C_LANGUAGE_STANDARD = gnu11;
				GCC_DYNAMIC_NO_PIC = NO;
				GCC_NO_COMMON_BLOCKS = YES;
				GCC_OPTIMIZATION_LEVEL = 0;
				GCC_PREPROCESSOR_DEFINITIONS = (
					"DEBUG=1",
					"$(inherited)",
				);
				GCC_WARN_64_TO_32_BIT_CONVERSION = YES;
				GCC_WARN_ABOUT_RETURN_TYPE = YES_ERROR;
				GCC_WARN_UNDECLARED_SELECTOR = YES;
				GCC_WARN_UNINITIALIZED_AUTOS = YES_AGGRESSIVE;
				GCC_WARN_UNUSED_FUNCTION = YES;
				GCC_WARN_UNUSED_VARIABLE = YES;
				IPHONEOS_DEPLOYMENT_TARGET = 13.5;
				MTL_ENABLE_DEBUG_INFO = INCLUDE_SOURCE;
				MTL_FAST_MATH = YES;
				ONLY_ACTIVE_ARCH = YES;
				SDKROOT = iphoneos;
				SWIFT_ACTIVE_COMPILATION_CONDITIONS = DEBUG;
				SWIFT_OPTIMIZATION_LEVEL = "-Onone";
			};
			name = Debug;
		};
		0A8450AF256175530036589F /* Release */ = {
			isa = XCBuildConfiguration;
			buildSettings = {
				ALWAYS_SEARCH_USER_PATHS = NO;
				CLANG_ANALYZER_NONNULL = YES;
				CLANG_ANALYZER_NUMBER_OBJECT_CONVERSION = YES_AGGRESSIVE;
				CLANG_CXX_LANGUAGE_STANDARD = "gnu++14";
				CLANG_CXX_LIBRARY = "libc++";
				CLANG_ENABLE_MODULES = YES;
				CLANG_ENABLE_OBJC_ARC = YES;
				CLANG_ENABLE_OBJC_WEAK = YES;
				CLANG_WARN_BLOCK_CAPTURE_AUTORELEASING = YES;
				CLANG_WARN_BOOL_CONVERSION = YES;
				CLANG_WARN_COMMA = YES;
				CLANG_WARN_CONSTANT_CONVERSION = YES;
				CLANG_WARN_DEPRECATED_OBJC_IMPLEMENTATIONS = YES;
				CLANG_WARN_DIRECT_OBJC_ISA_USAGE = YES_ERROR;
				CLANG_WARN_DOCUMENTATION_COMMENTS = YES;
				CLANG_WARN_EMPTY_BODY = YES;
				CLANG_WARN_ENUM_CONVERSION = YES;
				CLANG_WARN_INFINITE_RECURSION = YES;
				CLANG_WARN_INT_CONVERSION = YES;
				CLANG_WARN_NON_LITERAL_NULL_CONVERSION = YES;
				CLANG_WARN_OBJC_IMPLICIT_RETAIN_SELF = YES;
				CLANG_WARN_OBJC_LITERAL_CONVERSION = YES;
				CLANG_WARN_OBJC_ROOT_CLASS = YES_ERROR;
				CLANG_WARN_RANGE_LOOP_ANALYSIS = YES;
				CLANG_WARN_STRICT_PROTOTYPES = YES;
				CLANG_WARN_SUSPICIOUS_MOVE = YES;
				CLANG_WARN_UNGUARDED_AVAILABILITY = YES_AGGRESSIVE;
				CLANG_WARN_UNREACHABLE_CODE = YES;
				CLANG_WARN__DUPLICATE_METHOD_MATCH = YES;
				COPY_PHASE_STRIP = NO;
				DEBUG_INFORMATION_FORMAT = "dwarf-with-dsym";
				ENABLE_NS_ASSERTIONS = NO;
				ENABLE_STRICT_OBJC_MSGSEND = YES;
				GCC_C_LANGUAGE_STANDARD = gnu11;
				GCC_NO_COMMON_BLOCKS = YES;
				GCC_WARN_64_TO_32_BIT_CONVERSION = YES;
				GCC_WARN_ABOUT_RETURN_TYPE = YES_ERROR;
				GCC_WARN_UNDECLARED_SELECTOR = YES;
				GCC_WARN_UNINITIALIZED_AUTOS = YES_AGGRESSIVE;
				GCC_WARN_UNUSED_FUNCTION = YES;
				GCC_WARN_UNUSED_VARIABLE = YES;
				IPHONEOS_DEPLOYMENT_TARGET = 13.5;
				MTL_ENABLE_DEBUG_INFO = NO;
				MTL_FAST_MATH = YES;
				SDKROOT = iphoneos;
				SWIFT_COMPILATION_MODE = wholemodule;
				SWIFT_OPTIMIZATION_LEVEL = "-O";
				VALIDATE_PRODUCT = YES;
			};
			name = Release;
		};
		0A8450B1256175530036589F /* Debug */ = {
			isa = XCBuildConfiguration;
			baseConfigurationReference = 4DB54B563B0E9CB59BBACA4D /* Pods-knovigo ios.debug.xcconfig */;
			buildSettings = {
				ASSETCATALOG_COMPILER_APPICON_NAME = AppIcon;
				CODE_SIGN_STYLE = Automatic;
				DEVELOPMENT_TEAM = 87747Z7832;
				INFOPLIST_FILE = "knovigo ios/Info.plist";
				LD_RUNPATH_SEARCH_PATHS = (
					"$(inherited)",
					"@executable_path/Frameworks",
				);
				PRODUCT_BUNDLE_IDENTIFIER = "kt.knovigo-ios";
				PRODUCT_NAME = "$(TARGET_NAME)";
				SWIFT_VERSION = 5.0;
				TARGETED_DEVICE_FAMILY = "1,2";
			};
			name = Debug;
		};
		0A8450B2256175530036589F /* Release */ = {
			isa = XCBuildConfiguration;
			baseConfigurationReference = 00AACCBD9DFEC22CF9FF2FA3 /* Pods-knovigo ios.release.xcconfig */;
			buildSettings = {
				ASSETCATALOG_COMPILER_APPICON_NAME = AppIcon;
				CODE_SIGN_STYLE = Automatic;
				DEVELOPMENT_TEAM = 87747Z7832;
				INFOPLIST_FILE = "knovigo ios/Info.plist";
				LD_RUNPATH_SEARCH_PATHS = (
					"$(inherited)",
					"@executable_path/Frameworks",
				);
				PRODUCT_BUNDLE_IDENTIFIER = "kt.knovigo-ios";
				PRODUCT_NAME = "$(TARGET_NAME)";
				SWIFT_VERSION = 5.0;
				TARGETED_DEVICE_FAMILY = "1,2";
			};
			name = Release;
		};
		0A8450B4256175530036589F /* Debug */ = {
			isa = XCBuildConfiguration;
			buildSettings = {
				ALWAYS_EMBED_SWIFT_STANDARD_LIBRARIES = YES;
				BUNDLE_LOADER = "$(TEST_HOST)";
				CODE_SIGN_STYLE = Automatic;
				DEVELOPMENT_TEAM = 87747Z7832;
				INFOPLIST_FILE = "knovigo iosTests/Info.plist";
				IPHONEOS_DEPLOYMENT_TARGET = 13.5;
				LD_RUNPATH_SEARCH_PATHS = (
					"$(inherited)",
					"@executable_path/Frameworks",
					"@loader_path/Frameworks",
				);
				PRODUCT_BUNDLE_IDENTIFIER = "kt.knovigo-iosTests";
				PRODUCT_NAME = "$(TARGET_NAME)";
				SWIFT_VERSION = 5.0;
				TARGETED_DEVICE_FAMILY = "1,2";
				TEST_HOST = "$(BUILT_PRODUCTS_DIR)/knovigo ios.app/knovigo ios";
			};
			name = Debug;
		};
		0A8450B5256175530036589F /* Release */ = {
			isa = XCBuildConfiguration;
			buildSettings = {
				ALWAYS_EMBED_SWIFT_STANDARD_LIBRARIES = YES;
				BUNDLE_LOADER = "$(TEST_HOST)";
				CODE_SIGN_STYLE = Automatic;
				DEVELOPMENT_TEAM = 87747Z7832;
				INFOPLIST_FILE = "knovigo iosTests/Info.plist";
				IPHONEOS_DEPLOYMENT_TARGET = 13.5;
				LD_RUNPATH_SEARCH_PATHS = (
					"$(inherited)",
					"@executable_path/Frameworks",
					"@loader_path/Frameworks",
				);
				PRODUCT_BUNDLE_IDENTIFIER = "kt.knovigo-iosTests";
				PRODUCT_NAME = "$(TARGET_NAME)";
				SWIFT_VERSION = 5.0;
				TARGETED_DEVICE_FAMILY = "1,2";
				TEST_HOST = "$(BUILT_PRODUCTS_DIR)/knovigo ios.app/knovigo ios";
			};
			name = Release;
		};
		0A8450B7256175530036589F /* Debug */ = {
			isa = XCBuildConfiguration;
			buildSettings = {
				ALWAYS_EMBED_SWIFT_STANDARD_LIBRARIES = YES;
				CODE_SIGN_STYLE = Automatic;
				DEVELOPMENT_TEAM = 87747Z7832;
				INFOPLIST_FILE = "knovigo iosUITests/Info.plist";
				LD_RUNPATH_SEARCH_PATHS = (
					"$(inherited)",
					"@executable_path/Frameworks",
					"@loader_path/Frameworks",
				);
				PRODUCT_BUNDLE_IDENTIFIER = "kt.knovigo-iosUITests";
				PRODUCT_NAME = "$(TARGET_NAME)";
				SWIFT_VERSION = 5.0;
				TARGETED_DEVICE_FAMILY = "1,2";
				TEST_TARGET_NAME = "knovigo ios";
			};
			name = Debug;
		};
		0A8450B8256175530036589F /* Release */ = {
			isa = XCBuildConfiguration;
			buildSettings = {
				ALWAYS_EMBED_SWIFT_STANDARD_LIBRARIES = YES;
				CODE_SIGN_STYLE = Automatic;
				DEVELOPMENT_TEAM = 87747Z7832;
				INFOPLIST_FILE = "knovigo iosUITests/Info.plist";
				LD_RUNPATH_SEARCH_PATHS = (
					"$(inherited)",
					"@executable_path/Frameworks",
					"@loader_path/Frameworks",
				);
				PRODUCT_BUNDLE_IDENTIFIER = "kt.knovigo-iosUITests";
				PRODUCT_NAME = "$(TARGET_NAME)";
				SWIFT_VERSION = 5.0;
				TARGETED_DEVICE_FAMILY = "1,2";
				TEST_TARGET_NAME = "knovigo ios";
			};
			name = Release;
		};
/* End XCBuildConfiguration section */

/* Begin XCConfigurationList section */
		0A8450812561754E0036589F /* Build configuration list for PBXProject "knovigo ios" */ = {
			isa = XCConfigurationList;
			buildConfigurations = (
				0A8450AE256175530036589F /* Debug */,
				0A8450AF256175530036589F /* Release */,
			);
			defaultConfigurationIsVisible = 0;
			defaultConfigurationName = Release;
		};
		0A8450B0256175530036589F /* Build configuration list for PBXNativeTarget "knovigo ios" */ = {
			isa = XCConfigurationList;
			buildConfigurations = (
				0A8450B1256175530036589F /* Debug */,
				0A8450B2256175530036589F /* Release */,
			);
			defaultConfigurationIsVisible = 0;
			defaultConfigurationName = Release;
		};
		0A8450B3256175530036589F /* Build configuration list for PBXNativeTarget "knovigo iosTests" */ = {
			isa = XCConfigurationList;
			buildConfigurations = (
				0A8450B4256175530036589F /* Debug */,
				0A8450B5256175530036589F /* Release */,
			);
			defaultConfigurationIsVisible = 0;
			defaultConfigurationName = Release;
		};
		0A8450B6256175530036589F /* Build configuration list for PBXNativeTarget "knovigo iosUITests" */ = {
			isa = XCConfigurationList;
			buildConfigurations = (
				0A8450B7256175530036589F /* Debug */,
				0A8450B8256175530036589F /* Release */,
			);
			defaultConfigurationIsVisible = 0;
			defaultConfigurationName = Release;
		};
/* End XCConfigurationList section */
	};
	rootObject = 0A84507E2561754E0036589F /* Project object */;
}
